// !$*UTF8*$!
{
	archiveVersion = 1;
	classes = {
	};
	objectVersion = 46;
	objects = {

/* Begin PBXGroup section */
		528200851BC9C460001FDD58 = {
			isa = PBXGroup;
			children = (
			);
			sourceTree = "<group>";
		};
/* End PBXGroup section */

/* Begin PBXProject section */
		528200861BC9C460001FDD58 /* Project object */ = {
			isa = PBXProject;
			attributes = {
				LastUpgradeCheck = 0700;
				ORGANIZATIONNAME = "Nikolai Vazquez";
			};
			buildConfigurationList = 528200891BC9C460001FDD58 /* Build configuration list for PBXProject "RandomKit" */;
			compatibilityVersion = "Xcode 3.2";
			developmentRegion = English;
			hasScannedForEncodings = 0;
			knownRegions = (
				en,
			);
			mainGroup = 528200851BC9C460001FDD58;
			projectDirPath = "";
			projectRoot = "";
			targets = (
			);
		};
/* End PBXProject section */

/* Begin XCBuildConfiguration section */
		5282008A1BC9C460001FDD58 /* Debug */ = {
			isa = XCBuildConfiguration;
			buildSettings = {
			};
			name = Debug;
		};
		5282008B1BC9C460001FDD58 /* Release */ = {
			isa = XCBuildConfiguration;
			buildSettings = {
			};
			name = Release;
		};
/* End XCBuildConfiguration section */

/* Begin XCConfigurationList section */
		528200891BC9C460001FDD58 /* Build configuration list for PBXProject "RandomKit" */ = {
			isa = XCConfigurationList;
			buildConfigurations = (
				5282008A1BC9C460001FDD58 /* Debug */,
				5282008B1BC9C460001FDD58 /* Release */,
			);
			defaultConfigurationIsVisible = 0;
			defaultConfigurationName = Release;
		};
/* End XCConfigurationList section */
	};
	rootObject = 528200861BC9C460001FDD58 /* Project object */;
}
