// !$*UTF8*$!
{
	archiveVersion = 1;
	classes = {
	};
	objectVersion = 46;
	objects = {

/* Begin PBXBuildFile section */
		520DA1351DDF16FD00F265CE /* UnsafeRandom.swift in Sources */ = {isa = PBXBuildFile; fileRef = 520DA1341DDF16FD00F265CE /* UnsafeRandom.swift */; };
		520DA1361DDF16FD00F265CE /* UnsafeRandom.swift in Sources */ = {isa = PBXBuildFile; fileRef = 520DA1341DDF16FD00F265CE /* UnsafeRandom.swift */; };
		520DA1371DDF16FD00F265CE /* UnsafeRandom.swift in Sources */ = {isa = PBXBuildFile; fileRef = 520DA1341DDF16FD00F265CE /* UnsafeRandom.swift */; };
		520DA1381DDF16FD00F265CE /* UnsafeRandom.swift in Sources */ = {isa = PBXBuildFile; fileRef = 520DA1341DDF16FD00F265CE /* UnsafeRandom.swift */; };
		520DA13A1DDF5FA800F265CE /* RandomEnum.swift in Sources */ = {isa = PBXBuildFile; fileRef = 520DA1391DDF5FA800F265CE /* RandomEnum.swift */; };
		520DA13B1DDF5FA800F265CE /* RandomEnum.swift in Sources */ = {isa = PBXBuildFile; fileRef = 520DA1391DDF5FA800F265CE /* RandomEnum.swift */; };
		520DA13C1DDF5FA800F265CE /* RandomEnum.swift in Sources */ = {isa = PBXBuildFile; fileRef = 520DA1391DDF5FA800F265CE /* RandomEnum.swift */; };
		520DA13D1DDF5FA800F265CE /* RandomEnum.swift in Sources */ = {isa = PBXBuildFile; fileRef = 520DA1391DDF5FA800F265CE /* RandomEnum.swift */; };
		5220D0491DDAFEB300B22F7F /* RandomWithAll.swift in Sources */ = {isa = PBXBuildFile; fileRef = 5220D0481DDAFEB300B22F7F /* RandomWithAll.swift */; };
		5220D04A1DDAFEB300B22F7F /* RandomWithAll.swift in Sources */ = {isa = PBXBuildFile; fileRef = 5220D0481DDAFEB300B22F7F /* RandomWithAll.swift */; };
		5220D04B1DDAFEB300B22F7F /* RandomWithAll.swift in Sources */ = {isa = PBXBuildFile; fileRef = 5220D0481DDAFEB300B22F7F /* RandomWithAll.swift */; };
		5220D04C1DDAFEB300B22F7F /* RandomWithAll.swift in Sources */ = {isa = PBXBuildFile; fileRef = 5220D0481DDAFEB300B22F7F /* RandomWithAll.swift */; };
		5230293C1DC54137007530CD /* Range+RandomKit.swift in Sources */ = {isa = PBXBuildFile; fileRef = 5230293B1DC54137007530CD /* Range+RandomKit.swift */; };
		5230293D1DC54137007530CD /* Range+RandomKit.swift in Sources */ = {isa = PBXBuildFile; fileRef = 5230293B1DC54137007530CD /* Range+RandomKit.swift */; };
		5230293E1DC54137007530CD /* Range+RandomKit.swift in Sources */ = {isa = PBXBuildFile; fileRef = 5230293B1DC54137007530CD /* Range+RandomKit.swift */; };
		5230293F1DC54137007530CD /* Range+RandomKit.swift in Sources */ = {isa = PBXBuildFile; fileRef = 5230293B1DC54137007530CD /* Range+RandomKit.swift */; };
		523D8B041DBEAC19006FF58C /* RandomWithinRange.swift in Sources */ = {isa = PBXBuildFile; fileRef = 525EB3381DBD7A2100E8B246 /* RandomWithinRange.swift */; };
		523D8B051DBEAC19006FF58C /* RandomWithinRange.swift in Sources */ = {isa = PBXBuildFile; fileRef = 525EB3381DBD7A2100E8B246 /* RandomWithinRange.swift */; };
		523D8B061DBEAC1A006FF58C /* RandomWithinRange.swift in Sources */ = {isa = PBXBuildFile; fileRef = 525EB3381DBD7A2100E8B246 /* RandomWithinRange.swift */; };
		523D8B081DBEAC1D006FF58C /* RandomWithinClosedRange.swift in Sources */ = {isa = PBXBuildFile; fileRef = 525EB33A1DBD829000E8B246 /* RandomWithinClosedRange.swift */; };
		523D8B091DBEAC1E006FF58C /* RandomWithinClosedRange.swift in Sources */ = {isa = PBXBuildFile; fileRef = 525EB33A1DBD829000E8B246 /* RandomWithinClosedRange.swift */; };
		523D8B0A1DBEAC1E006FF58C /* RandomWithinClosedRange.swift in Sources */ = {isa = PBXBuildFile; fileRef = 525EB33A1DBD829000E8B246 /* RandomWithinClosedRange.swift */; };
		523D8B111DBEADD1006FF58C /* CGFloat+RandomKit.swift in Sources */ = {isa = PBXBuildFile; fileRef = 523D8B0C1DBEADD1006FF58C /* CGFloat+RandomKit.swift */; };
		523D8B121DBEADD1006FF58C /* CGFloat+RandomKit.swift in Sources */ = {isa = PBXBuildFile; fileRef = 523D8B0C1DBEADD1006FF58C /* CGFloat+RandomKit.swift */; };
		523D8B131DBEADD1006FF58C /* CGFloat+RandomKit.swift in Sources */ = {isa = PBXBuildFile; fileRef = 523D8B0C1DBEADD1006FF58C /* CGFloat+RandomKit.swift */; };
		523D8B141DBEADD1006FF58C /* CGFloat+RandomKit.swift in Sources */ = {isa = PBXBuildFile; fileRef = 523D8B0C1DBEADD1006FF58C /* CGFloat+RandomKit.swift */; };
		523D8B151DBEADD1006FF58C /* CGPoint+RandomKit.swift in Sources */ = {isa = PBXBuildFile; fileRef = 523D8B0D1DBEADD1006FF58C /* CGPoint+RandomKit.swift */; };
		523D8B161DBEADD1006FF58C /* CGPoint+RandomKit.swift in Sources */ = {isa = PBXBuildFile; fileRef = 523D8B0D1DBEADD1006FF58C /* CGPoint+RandomKit.swift */; };
		523D8B171DBEADD1006FF58C /* CGPoint+RandomKit.swift in Sources */ = {isa = PBXBuildFile; fileRef = 523D8B0D1DBEADD1006FF58C /* CGPoint+RandomKit.swift */; };
		523D8B181DBEADD1006FF58C /* CGPoint+RandomKit.swift in Sources */ = {isa = PBXBuildFile; fileRef = 523D8B0D1DBEADD1006FF58C /* CGPoint+RandomKit.swift */; };
		523D8B191DBEADD1006FF58C /* CGRect+RandomKit.swift in Sources */ = {isa = PBXBuildFile; fileRef = 523D8B0E1DBEADD1006FF58C /* CGRect+RandomKit.swift */; };
		523D8B1A1DBEADD1006FF58C /* CGRect+RandomKit.swift in Sources */ = {isa = PBXBuildFile; fileRef = 523D8B0E1DBEADD1006FF58C /* CGRect+RandomKit.swift */; };
		523D8B1B1DBEADD1006FF58C /* CGRect+RandomKit.swift in Sources */ = {isa = PBXBuildFile; fileRef = 523D8B0E1DBEADD1006FF58C /* CGRect+RandomKit.swift */; };
		523D8B1C1DBEADD1006FF58C /* CGRect+RandomKit.swift in Sources */ = {isa = PBXBuildFile; fileRef = 523D8B0E1DBEADD1006FF58C /* CGRect+RandomKit.swift */; };
		523D8B1D1DBEADD1006FF58C /* CGSize+RandomKit.swift in Sources */ = {isa = PBXBuildFile; fileRef = 523D8B0F1DBEADD1006FF58C /* CGSize+RandomKit.swift */; };
		523D8B1E1DBEADD1006FF58C /* CGSize+RandomKit.swift in Sources */ = {isa = PBXBuildFile; fileRef = 523D8B0F1DBEADD1006FF58C /* CGSize+RandomKit.swift */; };
		523D8B1F1DBEADD1006FF58C /* CGSize+RandomKit.swift in Sources */ = {isa = PBXBuildFile; fileRef = 523D8B0F1DBEADD1006FF58C /* CGSize+RandomKit.swift */; };
		523D8B201DBEADD1006FF58C /* CGSize+RandomKit.swift in Sources */ = {isa = PBXBuildFile; fileRef = 523D8B0F1DBEADD1006FF58C /* CGSize+RandomKit.swift */; };
		523D8B211DBEADD1006FF58C /* CGVector+RandomKit.swift in Sources */ = {isa = PBXBuildFile; fileRef = 523D8B101DBEADD1006FF58C /* CGVector+RandomKit.swift */; };
		523D8B221DBEADD1006FF58C /* CGVector+RandomKit.swift in Sources */ = {isa = PBXBuildFile; fileRef = 523D8B101DBEADD1006FF58C /* CGVector+RandomKit.swift */; };
		523D8B231DBEADD1006FF58C /* CGVector+RandomKit.swift in Sources */ = {isa = PBXBuildFile; fileRef = 523D8B101DBEADD1006FF58C /* CGVector+RandomKit.swift */; };
		523D8B241DBEADD1006FF58C /* CGVector+RandomKit.swift in Sources */ = {isa = PBXBuildFile; fileRef = 523D8B101DBEADD1006FF58C /* CGVector+RandomKit.swift */; };
		525EB2C11DBD696B00E8B246 /* Random.swift in Sources */ = {isa = PBXBuildFile; fileRef = 525EB2BF1DBD696B00E8B246 /* Random.swift */; };
		525EB2C21DBD696B00E8B246 /* Random.swift in Sources */ = {isa = PBXBuildFile; fileRef = 525EB2BF1DBD696B00E8B246 /* Random.swift */; };
		525EB2C31DBD696B00E8B246 /* Random.swift in Sources */ = {isa = PBXBuildFile; fileRef = 525EB2BF1DBD696B00E8B246 /* Random.swift */; };
		525EB2C41DBD696B00E8B246 /* Random.swift in Sources */ = {isa = PBXBuildFile; fileRef = 525EB2BF1DBD696B00E8B246 /* Random.swift */; };
		525EB2C51DBD696B00E8B246 /* Shuffleable.swift in Sources */ = {isa = PBXBuildFile; fileRef = 525EB2C01DBD696B00E8B246 /* Shuffleable.swift */; };
		525EB2C61DBD696B00E8B246 /* Shuffleable.swift in Sources */ = {isa = PBXBuildFile; fileRef = 525EB2C01DBD696B00E8B246 /* Shuffleable.swift */; };
		525EB2C71DBD696B00E8B246 /* Shuffleable.swift in Sources */ = {isa = PBXBuildFile; fileRef = 525EB2C01DBD696B00E8B246 /* Shuffleable.swift */; };
		525EB2C81DBD696B00E8B246 /* Shuffleable.swift in Sources */ = {isa = PBXBuildFile; fileRef = 525EB2C01DBD696B00E8B246 /* Shuffleable.swift */; };
		525EB3391DBD7A2100E8B246 /* RandomWithinRange.swift in Sources */ = {isa = PBXBuildFile; fileRef = 525EB3381DBD7A2100E8B246 /* RandomWithinRange.swift */; };
		525EB33B1DBD829000E8B246 /* RandomWithinClosedRange.swift in Sources */ = {isa = PBXBuildFile; fileRef = 525EB33A1DBD829000E8B246 /* RandomWithinClosedRange.swift */; };
		525EB3501DBDDF5700E8B246 /* RandomWithMax.swift in Sources */ = {isa = PBXBuildFile; fileRef = 525EB34F1DBDDF5700E8B246 /* RandomWithMax.swift */; };
		525EB3511DBDDF5700E8B246 /* RandomWithMax.swift in Sources */ = {isa = PBXBuildFile; fileRef = 525EB34F1DBDDF5700E8B246 /* RandomWithMax.swift */; };
		525EB3521DBDDF5700E8B246 /* RandomWithMax.swift in Sources */ = {isa = PBXBuildFile; fileRef = 525EB34F1DBDDF5700E8B246 /* RandomWithMax.swift */; };
		525EB3531DBDDF5700E8B246 /* RandomWithMax.swift in Sources */ = {isa = PBXBuildFile; fileRef = 525EB34F1DBDDF5700E8B246 /* RandomWithMax.swift */; };
		525EB35F1DBDE70A00E8B246 /* RandomToValue.swift in Sources */ = {isa = PBXBuildFile; fileRef = 525EB35E1DBDE70A00E8B246 /* RandomToValue.swift */; };
		525EB3601DBDE70A00E8B246 /* RandomToValue.swift in Sources */ = {isa = PBXBuildFile; fileRef = 525EB35E1DBDE70A00E8B246 /* RandomToValue.swift */; };
		525EB3611DBDE70A00E8B246 /* RandomToValue.swift in Sources */ = {isa = PBXBuildFile; fileRef = 525EB35E1DBDE70A00E8B246 /* RandomToValue.swift */; };
		525EB3621DBDE70A00E8B246 /* RandomToValue.swift in Sources */ = {isa = PBXBuildFile; fileRef = 525EB35E1DBDE70A00E8B246 /* RandomToValue.swift */; };
		525EB3641DBDE78300E8B246 /* RandomThroughValue.swift in Sources */ = {isa = PBXBuildFile; fileRef = 525EB3631DBDE78300E8B246 /* RandomThroughValue.swift */; };
		525EB3651DBDE78300E8B246 /* RandomThroughValue.swift in Sources */ = {isa = PBXBuildFile; fileRef = 525EB3631DBDE78300E8B246 /* RandomThroughValue.swift */; };
		525EB3661DBDE78300E8B246 /* RandomThroughValue.swift in Sources */ = {isa = PBXBuildFile; fileRef = 525EB3631DBDE78300E8B246 /* RandomThroughValue.swift */; };
		525EB3671DBDE78300E8B246 /* RandomThroughValue.swift in Sources */ = {isa = PBXBuildFile; fileRef = 525EB3631DBDE78300E8B246 /* RandomThroughValue.swift */; };
		525EB3691DBE70CE00E8B246 /* RandomWithMin.swift in Sources */ = {isa = PBXBuildFile; fileRef = 525EB3681DBE70CE00E8B246 /* RandomWithMin.swift */; };
		525EB36A1DBE70CE00E8B246 /* RandomWithMin.swift in Sources */ = {isa = PBXBuildFile; fileRef = 525EB3681DBE70CE00E8B246 /* RandomWithMin.swift */; };
		525EB36B1DBE70CE00E8B246 /* RandomWithMin.swift in Sources */ = {isa = PBXBuildFile; fileRef = 525EB3681DBE70CE00E8B246 /* RandomWithMin.swift */; };
		525EB36C1DBE70CE00E8B246 /* RandomWithMin.swift in Sources */ = {isa = PBXBuildFile; fileRef = 525EB3681DBE70CE00E8B246 /* RandomWithMin.swift */; };
		52737DFA1DBEBEED009B5E9D /* Array+RandomKit.swift in Sources */ = {isa = PBXBuildFile; fileRef = 52737DEF1DBEBEED009B5E9D /* Array+RandomKit.swift */; };
		52737DFB1DBEBEED009B5E9D /* Array+RandomKit.swift in Sources */ = {isa = PBXBuildFile; fileRef = 52737DEF1DBEBEED009B5E9D /* Array+RandomKit.swift */; };
		52737DFC1DBEBEED009B5E9D /* Array+RandomKit.swift in Sources */ = {isa = PBXBuildFile; fileRef = 52737DEF1DBEBEED009B5E9D /* Array+RandomKit.swift */; };
		52737DFD1DBEBEED009B5E9D /* Array+RandomKit.swift in Sources */ = {isa = PBXBuildFile; fileRef = 52737DEF1DBEBEED009B5E9D /* Array+RandomKit.swift */; };
		52737DFE1DBEBEED009B5E9D /* Bool+RandomKit.swift in Sources */ = {isa = PBXBuildFile; fileRef = 52737DF01DBEBEED009B5E9D /* Bool+RandomKit.swift */; };
		52737DFF1DBEBEED009B5E9D /* Bool+RandomKit.swift in Sources */ = {isa = PBXBuildFile; fileRef = 52737DF01DBEBEED009B5E9D /* Bool+RandomKit.swift */; };
		52737E001DBEBEED009B5E9D /* Bool+RandomKit.swift in Sources */ = {isa = PBXBuildFile; fileRef = 52737DF01DBEBEED009B5E9D /* Bool+RandomKit.swift */; };
		52737E011DBEBEED009B5E9D /* Bool+RandomKit.swift in Sources */ = {isa = PBXBuildFile; fileRef = 52737DF01DBEBEED009B5E9D /* Bool+RandomKit.swift */; };
		52737E021DBEBEED009B5E9D /* Character+RandomKit.swift in Sources */ = {isa = PBXBuildFile; fileRef = 52737DF11DBEBEED009B5E9D /* Character+RandomKit.swift */; };
		52737E031DBEBEED009B5E9D /* Character+RandomKit.swift in Sources */ = {isa = PBXBuildFile; fileRef = 52737DF11DBEBEED009B5E9D /* Character+RandomKit.swift */; };
		52737E041DBEBEED009B5E9D /* Character+RandomKit.swift in Sources */ = {isa = PBXBuildFile; fileRef = 52737DF11DBEBEED009B5E9D /* Character+RandomKit.swift */; };
		52737E051DBEBEED009B5E9D /* Character+RandomKit.swift in Sources */ = {isa = PBXBuildFile; fileRef = 52737DF11DBEBEED009B5E9D /* Character+RandomKit.swift */; };
		52737E061DBEBEED009B5E9D /* Collection+RandomKit.swift in Sources */ = {isa = PBXBuildFile; fileRef = 52737DF21DBEBEED009B5E9D /* Collection+RandomKit.swift */; };
		52737E071DBEBEED009B5E9D /* Collection+RandomKit.swift in Sources */ = {isa = PBXBuildFile; fileRef = 52737DF21DBEBEED009B5E9D /* Collection+RandomKit.swift */; };
		52737E081DBEBEED009B5E9D /* Collection+RandomKit.swift in Sources */ = {isa = PBXBuildFile; fileRef = 52737DF21DBEBEED009B5E9D /* Collection+RandomKit.swift */; };
		52737E091DBEBEED009B5E9D /* Collection+RandomKit.swift in Sources */ = {isa = PBXBuildFile; fileRef = 52737DF21DBEBEED009B5E9D /* Collection+RandomKit.swift */; };
		52737E0A1DBEBEED009B5E9D /* Dictionary+RandomKit.swift in Sources */ = {isa = PBXBuildFile; fileRef = 52737DF31DBEBEED009B5E9D /* Dictionary+RandomKit.swift */; };
		52737E0B1DBEBEED009B5E9D /* Dictionary+RandomKit.swift in Sources */ = {isa = PBXBuildFile; fileRef = 52737DF31DBEBEED009B5E9D /* Dictionary+RandomKit.swift */; };
		52737E0C1DBEBEED009B5E9D /* Dictionary+RandomKit.swift in Sources */ = {isa = PBXBuildFile; fileRef = 52737DF31DBEBEED009B5E9D /* Dictionary+RandomKit.swift */; };
		52737E0D1DBEBEED009B5E9D /* Dictionary+RandomKit.swift in Sources */ = {isa = PBXBuildFile; fileRef = 52737DF31DBEBEED009B5E9D /* Dictionary+RandomKit.swift */; };
		52737E0E1DBEBEED009B5E9D /* FloatingPoint+RandomKit.swift in Sources */ = {isa = PBXBuildFile; fileRef = 52737DF41DBEBEED009B5E9D /* FloatingPoint+RandomKit.swift */; };
		52737E0F1DBEBEED009B5E9D /* FloatingPoint+RandomKit.swift in Sources */ = {isa = PBXBuildFile; fileRef = 52737DF41DBEBEED009B5E9D /* FloatingPoint+RandomKit.swift */; };
		52737E101DBEBEED009B5E9D /* FloatingPoint+RandomKit.swift in Sources */ = {isa = PBXBuildFile; fileRef = 52737DF41DBEBEED009B5E9D /* FloatingPoint+RandomKit.swift */; };
		52737E111DBEBEED009B5E9D /* FloatingPoint+RandomKit.swift in Sources */ = {isa = PBXBuildFile; fileRef = 52737DF41DBEBEED009B5E9D /* FloatingPoint+RandomKit.swift */; };
		52737E121DBEBEED009B5E9D /* Integer+RandomKit.swift in Sources */ = {isa = PBXBuildFile; fileRef = 52737DF51DBEBEED009B5E9D /* Integer+RandomKit.swift */; };
		52737E131DBEBEED009B5E9D /* Integer+RandomKit.swift in Sources */ = {isa = PBXBuildFile; fileRef = 52737DF51DBEBEED009B5E9D /* Integer+RandomKit.swift */; };
		52737E141DBEBEED009B5E9D /* Integer+RandomKit.swift in Sources */ = {isa = PBXBuildFile; fileRef = 52737DF51DBEBEED009B5E9D /* Integer+RandomKit.swift */; };
		52737E151DBEBEED009B5E9D /* Integer+RandomKit.swift in Sources */ = {isa = PBXBuildFile; fileRef = 52737DF51DBEBEED009B5E9D /* Integer+RandomKit.swift */; };
		52737E161DBEBEED009B5E9D /* Sequence+RandomKit.swift in Sources */ = {isa = PBXBuildFile; fileRef = 52737DF61DBEBEED009B5E9D /* Sequence+RandomKit.swift */; };
		52737E171DBEBEED009B5E9D /* Sequence+RandomKit.swift in Sources */ = {isa = PBXBuildFile; fileRef = 52737DF61DBEBEED009B5E9D /* Sequence+RandomKit.swift */; };
		52737E181DBEBEED009B5E9D /* Sequence+RandomKit.swift in Sources */ = {isa = PBXBuildFile; fileRef = 52737DF61DBEBEED009B5E9D /* Sequence+RandomKit.swift */; };
		52737E191DBEBEED009B5E9D /* Sequence+RandomKit.swift in Sources */ = {isa = PBXBuildFile; fileRef = 52737DF61DBEBEED009B5E9D /* Sequence+RandomKit.swift */; };
		52737E1A1DBEBEED009B5E9D /* Set+RandomKit.swift in Sources */ = {isa = PBXBuildFile; fileRef = 52737DF71DBEBEED009B5E9D /* Set+RandomKit.swift */; };
		52737E1B1DBEBEED009B5E9D /* Set+RandomKit.swift in Sources */ = {isa = PBXBuildFile; fileRef = 52737DF71DBEBEED009B5E9D /* Set+RandomKit.swift */; };
		52737E1C1DBEBEED009B5E9D /* Set+RandomKit.swift in Sources */ = {isa = PBXBuildFile; fileRef = 52737DF71DBEBEED009B5E9D /* Set+RandomKit.swift */; };
		52737E1D1DBEBEED009B5E9D /* Set+RandomKit.swift in Sources */ = {isa = PBXBuildFile; fileRef = 52737DF71DBEBEED009B5E9D /* Set+RandomKit.swift */; };
		52737E1E1DBEBEED009B5E9D /* String+RandomKit.swift in Sources */ = {isa = PBXBuildFile; fileRef = 52737DF81DBEBEED009B5E9D /* String+RandomKit.swift */; };
		52737E1F1DBEBEED009B5E9D /* String+RandomKit.swift in Sources */ = {isa = PBXBuildFile; fileRef = 52737DF81DBEBEED009B5E9D /* String+RandomKit.swift */; };
		52737E201DBEBEED009B5E9D /* String+RandomKit.swift in Sources */ = {isa = PBXBuildFile; fileRef = 52737DF81DBEBEED009B5E9D /* String+RandomKit.swift */; };
		52737E211DBEBEED009B5E9D /* String+RandomKit.swift in Sources */ = {isa = PBXBuildFile; fileRef = 52737DF81DBEBEED009B5E9D /* String+RandomKit.swift */; };
		52737E221DBEBEED009B5E9D /* UnicodeScalar+RandomKit.swift in Sources */ = {isa = PBXBuildFile; fileRef = 52737DF91DBEBEED009B5E9D /* UnicodeScalar+RandomKit.swift */; };
		52737E231DBEBEED009B5E9D /* UnicodeScalar+RandomKit.swift in Sources */ = {isa = PBXBuildFile; fileRef = 52737DF91DBEBEED009B5E9D /* UnicodeScalar+RandomKit.swift */; };
		52737E241DBEBEED009B5E9D /* UnicodeScalar+RandomKit.swift in Sources */ = {isa = PBXBuildFile; fileRef = 52737DF91DBEBEED009B5E9D /* UnicodeScalar+RandomKit.swift */; };
		52737E251DBEBEED009B5E9D /* UnicodeScalar+RandomKit.swift in Sources */ = {isa = PBXBuildFile; fileRef = 52737DF91DBEBEED009B5E9D /* UnicodeScalar+RandomKit.swift */; };
		52737E301DBEBEF8009B5E9D /* Color+RandomKit.swift in Sources */ = {isa = PBXBuildFile; fileRef = 52737E281DBEBEF8009B5E9D /* Color+RandomKit.swift */; };
		52737E311DBEBEF8009B5E9D /* Color+RandomKit.swift in Sources */ = {isa = PBXBuildFile; fileRef = 52737E281DBEBEF8009B5E9D /* Color+RandomKit.swift */; };
		52737E321DBEBEF8009B5E9D /* Color+RandomKit.swift in Sources */ = {isa = PBXBuildFile; fileRef = 52737E281DBEBEF8009B5E9D /* Color+RandomKit.swift */; };
		52737E331DBEBEF8009B5E9D /* Color+RandomKit.swift in Sources */ = {isa = PBXBuildFile; fileRef = 52737E281DBEBEF8009B5E9D /* Color+RandomKit.swift */; };
		52737E341DBEBEF8009B5E9D /* Date+RandomKit.swift in Sources */ = {isa = PBXBuildFile; fileRef = 52737E291DBEBEF8009B5E9D /* Date+RandomKit.swift */; };
		52737E351DBEBEF8009B5E9D /* Date+RandomKit.swift in Sources */ = {isa = PBXBuildFile; fileRef = 52737E291DBEBEF8009B5E9D /* Date+RandomKit.swift */; };
		52737E361DBEBEF8009B5E9D /* Date+RandomKit.swift in Sources */ = {isa = PBXBuildFile; fileRef = 52737E291DBEBEF8009B5E9D /* Date+RandomKit.swift */; };
		52737E371DBEBEF8009B5E9D /* Date+RandomKit.swift in Sources */ = {isa = PBXBuildFile; fileRef = 52737E291DBEBEF8009B5E9D /* Date+RandomKit.swift */; };
		52737E381DBEBEF8009B5E9D /* NSNumber+RandomKit.swift in Sources */ = {isa = PBXBuildFile; fileRef = 52737E2A1DBEBEF8009B5E9D /* NSNumber+RandomKit.swift */; };
		52737E391DBEBEF8009B5E9D /* NSNumber+RandomKit.swift in Sources */ = {isa = PBXBuildFile; fileRef = 52737E2A1DBEBEF8009B5E9D /* NSNumber+RandomKit.swift */; };
		52737E3A1DBEBEF8009B5E9D /* NSNumber+RandomKit.swift in Sources */ = {isa = PBXBuildFile; fileRef = 52737E2A1DBEBEF8009B5E9D /* NSNumber+RandomKit.swift */; };
		52737E3B1DBEBEF8009B5E9D /* NSNumber+RandomKit.swift in Sources */ = {isa = PBXBuildFile; fileRef = 52737E2A1DBEBEF8009B5E9D /* NSNumber+RandomKit.swift */; };
		52737E3C1DBEBEF8009B5E9D /* URL+RandomKit.swift in Sources */ = {isa = PBXBuildFile; fileRef = 52737E2B1DBEBEF8009B5E9D /* URL+RandomKit.swift */; };
		52737E3D1DBEBEF8009B5E9D /* URL+RandomKit.swift in Sources */ = {isa = PBXBuildFile; fileRef = 52737E2B1DBEBEF8009B5E9D /* URL+RandomKit.swift */; };
		52737E3E1DBEBEF8009B5E9D /* URL+RandomKit.swift in Sources */ = {isa = PBXBuildFile; fileRef = 52737E2B1DBEBEF8009B5E9D /* URL+RandomKit.swift */; };
		52737E3F1DBEBEF8009B5E9D /* URL+RandomKit.swift in Sources */ = {isa = PBXBuildFile; fileRef = 52737E2B1DBEBEF8009B5E9D /* URL+RandomKit.swift */; };
		52737E461DBEC9C6009B5E9D /* Decimal+RandomKit.swift in Sources */ = {isa = PBXBuildFile; fileRef = 52737E451DBEC9C6009B5E9D /* Decimal+RandomKit.swift */; };
		52737E471DBEC9C6009B5E9D /* Decimal+RandomKit.swift in Sources */ = {isa = PBXBuildFile; fileRef = 52737E451DBEC9C6009B5E9D /* Decimal+RandomKit.swift */; };
		52737E481DBEC9C6009B5E9D /* Decimal+RandomKit.swift in Sources */ = {isa = PBXBuildFile; fileRef = 52737E451DBEC9C6009B5E9D /* Decimal+RandomKit.swift */; };
		52737E491DBEC9C6009B5E9D /* Decimal+RandomKit.swift in Sources */ = {isa = PBXBuildFile; fileRef = 52737E451DBEC9C6009B5E9D /* Decimal+RandomKit.swift */; };
		52737E4B1DBEFE83009B5E9D /* RandomGenerator.swift in Sources */ = {isa = PBXBuildFile; fileRef = 52737E4A1DBEFE83009B5E9D /* RandomGenerator.swift */; };
		52737E4C1DBEFE83009B5E9D /* RandomGenerator.swift in Sources */ = {isa = PBXBuildFile; fileRef = 52737E4A1DBEFE83009B5E9D /* RandomGenerator.swift */; };
		52737E4D1DBEFE83009B5E9D /* RandomGenerator.swift in Sources */ = {isa = PBXBuildFile; fileRef = 52737E4A1DBEFE83009B5E9D /* RandomGenerator.swift */; };
		52737E4E1DBEFE83009B5E9D /* RandomGenerator.swift in Sources */ = {isa = PBXBuildFile; fileRef = 52737E4A1DBEFE83009B5E9D /* RandomGenerator.swift */; };
		528200F41BC9FA42001FDD58 /* RandomKitTests.swift in Sources */ = {isa = PBXBuildFile; fileRef = 528200F31BC9FA42001FDD58 /* RandomKitTests.swift */; };
		528200F61BC9FA42001FDD58 /* RandomKit.framework in Frameworks */ = {isa = PBXBuildFile; fileRef = 528200911BC9C4A2001FDD58 /* RandomKit.framework */; };
		52A248B51DC68200004C9991 /* Strideable+RandomKit.swift in Sources */ = {isa = PBXBuildFile; fileRef = 52A248B41DC68200004C9991 /* Strideable+RandomKit.swift */; };
		52A248B61DC68200004C9991 /* Strideable+RandomKit.swift in Sources */ = {isa = PBXBuildFile; fileRef = 52A248B41DC68200004C9991 /* Strideable+RandomKit.swift */; };
		52A248B71DC68200004C9991 /* Strideable+RandomKit.swift in Sources */ = {isa = PBXBuildFile; fileRef = 52A248B41DC68200004C9991 /* Strideable+RandomKit.swift */; };
		52A248B81DC68200004C9991 /* Strideable+RandomKit.swift in Sources */ = {isa = PBXBuildFile; fileRef = 52A248B41DC68200004C9991 /* Strideable+RandomKit.swift */; };
		52FD11381DE2811C002EF43E /* RandomRawRepresentable.swift in Sources */ = {isa = PBXBuildFile; fileRef = 52FD11371DE2811C002EF43E /* RandomRawRepresentable.swift */; };
		52FD11391DE2811C002EF43E /* RandomRawRepresentable.swift in Sources */ = {isa = PBXBuildFile; fileRef = 52FD11371DE2811C002EF43E /* RandomRawRepresentable.swift */; };
		52FD113A1DE2811C002EF43E /* RandomRawRepresentable.swift in Sources */ = {isa = PBXBuildFile; fileRef = 52FD11371DE2811C002EF43E /* RandomRawRepresentable.swift */; };
		52FD113B1DE2811C002EF43E /* RandomRawRepresentable.swift in Sources */ = {isa = PBXBuildFile; fileRef = 52FD11371DE2811C002EF43E /* RandomRawRepresentable.swift */; };
/* End PBXBuildFile section */

/* Begin PBXContainerItemProxy section */
		528200F71BC9FA42001FDD58 /* PBXContainerItemProxy */ = {
			isa = PBXContainerItemProxy;
			containerPortal = 528200861BC9C460001FDD58 /* Project object */;
			proxyType = 1;
			remoteGlobalIDString = 528200901BC9C4A2001FDD58;
			remoteInfo = "RandomKit-OSX";
		};
/* End PBXContainerItemProxy section */

/* Begin PBXFileReference section */
		520DA1341DDF16FD00F265CE /* UnsafeRandom.swift */ = {isa = PBXFileReference; fileEncoding = 4; lastKnownFileType = sourcecode.swift; path = UnsafeRandom.swift; sourceTree = "<group>"; };
		520DA1391DDF5FA800F265CE /* RandomEnum.swift */ = {isa = PBXFileReference; fileEncoding = 4; lastKnownFileType = sourcecode.swift; path = RandomEnum.swift; sourceTree = "<group>"; };
		5220D0481DDAFEB300B22F7F /* RandomWithAll.swift */ = {isa = PBXFileReference; fileEncoding = 4; lastKnownFileType = sourcecode.swift; path = RandomWithAll.swift; sourceTree = "<group>"; };
		5230293B1DC54137007530CD /* Range+RandomKit.swift */ = {isa = PBXFileReference; fileEncoding = 4; lastKnownFileType = sourcecode.swift; path = "Range+RandomKit.swift"; sourceTree = "<group>"; };
		523D8B0C1DBEADD1006FF58C /* CGFloat+RandomKit.swift */ = {isa = PBXFileReference; fileEncoding = 4; lastKnownFileType = sourcecode.swift; path = "CGFloat+RandomKit.swift"; sourceTree = "<group>"; };
		523D8B0D1DBEADD1006FF58C /* CGPoint+RandomKit.swift */ = {isa = PBXFileReference; fileEncoding = 4; lastKnownFileType = sourcecode.swift; path = "CGPoint+RandomKit.swift"; sourceTree = "<group>"; };
		523D8B0E1DBEADD1006FF58C /* CGRect+RandomKit.swift */ = {isa = PBXFileReference; fileEncoding = 4; lastKnownFileType = sourcecode.swift; path = "CGRect+RandomKit.swift"; sourceTree = "<group>"; };
		523D8B0F1DBEADD1006FF58C /* CGSize+RandomKit.swift */ = {isa = PBXFileReference; fileEncoding = 4; lastKnownFileType = sourcecode.swift; path = "CGSize+RandomKit.swift"; sourceTree = "<group>"; };
		523D8B101DBEADD1006FF58C /* CGVector+RandomKit.swift */ = {isa = PBXFileReference; fileEncoding = 4; lastKnownFileType = sourcecode.swift; path = "CGVector+RandomKit.swift"; sourceTree = "<group>"; };
		524083961CA5B31E00AB8851 /* RandomKit.playground */ = {isa = PBXFileReference; lastKnownFileType = file.playground; path = RandomKit.playground; sourceTree = "<group>"; };
		524083971CA5B35800AB8851 /* LICENSE.md */ = {isa = PBXFileReference; lastKnownFileType = net.daringfireball.markdown; path = LICENSE.md; sourceTree = "<group>"; };
		525EB2BD1DBD607F00E8B246 /* Info.plist */ = {isa = PBXFileReference; lastKnownFileType = text.plist.xml; name = Info.plist; path = RandomKit.xcodeproj/Info.plist; sourceTree = "<group>"; };
		525EB2BF1DBD696B00E8B246 /* Random.swift */ = {isa = PBXFileReference; fileEncoding = 4; lastKnownFileType = sourcecode.swift; path = Random.swift; sourceTree = "<group>"; };
		525EB2C01DBD696B00E8B246 /* Shuffleable.swift */ = {isa = PBXFileReference; fileEncoding = 4; lastKnownFileType = sourcecode.swift; path = Shuffleable.swift; sourceTree = "<group>"; };
		525EB3381DBD7A2100E8B246 /* RandomWithinRange.swift */ = {isa = PBXFileReference; fileEncoding = 4; lastKnownFileType = sourcecode.swift; path = RandomWithinRange.swift; sourceTree = "<group>"; };
		525EB33A1DBD829000E8B246 /* RandomWithinClosedRange.swift */ = {isa = PBXFileReference; fileEncoding = 4; lastKnownFileType = sourcecode.swift; path = RandomWithinClosedRange.swift; sourceTree = "<group>"; };
		525EB34F1DBDDF5700E8B246 /* RandomWithMax.swift */ = {isa = PBXFileReference; fileEncoding = 4; lastKnownFileType = sourcecode.swift; path = RandomWithMax.swift; sourceTree = "<group>"; };
		525EB35E1DBDE70A00E8B246 /* RandomToValue.swift */ = {isa = PBXFileReference; fileEncoding = 4; lastKnownFileType = sourcecode.swift; path = RandomToValue.swift; sourceTree = "<group>"; };
		525EB3631DBDE78300E8B246 /* RandomThroughValue.swift */ = {isa = PBXFileReference; fileEncoding = 4; lastKnownFileType = sourcecode.swift; path = RandomThroughValue.swift; sourceTree = "<group>"; };
		525EB3681DBE70CE00E8B246 /* RandomWithMin.swift */ = {isa = PBXFileReference; fileEncoding = 4; lastKnownFileType = sourcecode.swift; path = RandomWithMin.swift; sourceTree = "<group>"; };
		52737DEF1DBEBEED009B5E9D /* Array+RandomKit.swift */ = {isa = PBXFileReference; fileEncoding = 4; lastKnownFileType = sourcecode.swift; path = "Array+RandomKit.swift"; sourceTree = "<group>"; };
		52737DF01DBEBEED009B5E9D /* Bool+RandomKit.swift */ = {isa = PBXFileReference; fileEncoding = 4; lastKnownFileType = sourcecode.swift; path = "Bool+RandomKit.swift"; sourceTree = "<group>"; };
		52737DF11DBEBEED009B5E9D /* Character+RandomKit.swift */ = {isa = PBXFileReference; fileEncoding = 4; lastKnownFileType = sourcecode.swift; path = "Character+RandomKit.swift"; sourceTree = "<group>"; };
		52737DF21DBEBEED009B5E9D /* Collection+RandomKit.swift */ = {isa = PBXFileReference; fileEncoding = 4; lastKnownFileType = sourcecode.swift; path = "Collection+RandomKit.swift"; sourceTree = "<group>"; };
		52737DF31DBEBEED009B5E9D /* Dictionary+RandomKit.swift */ = {isa = PBXFileReference; fileEncoding = 4; lastKnownFileType = sourcecode.swift; path = "Dictionary+RandomKit.swift"; sourceTree = "<group>"; };
		52737DF41DBEBEED009B5E9D /* FloatingPoint+RandomKit.swift */ = {isa = PBXFileReference; fileEncoding = 4; lastKnownFileType = sourcecode.swift; path = "FloatingPoint+RandomKit.swift"; sourceTree = "<group>"; };
		52737DF51DBEBEED009B5E9D /* Integer+RandomKit.swift */ = {isa = PBXFileReference; fileEncoding = 4; lastKnownFileType = sourcecode.swift; path = "Integer+RandomKit.swift"; sourceTree = "<group>"; };
		52737DF61DBEBEED009B5E9D /* Sequence+RandomKit.swift */ = {isa = PBXFileReference; fileEncoding = 4; lastKnownFileType = sourcecode.swift; path = "Sequence+RandomKit.swift"; sourceTree = "<group>"; };
		52737DF71DBEBEED009B5E9D /* Set+RandomKit.swift */ = {isa = PBXFileReference; fileEncoding = 4; lastKnownFileType = sourcecode.swift; path = "Set+RandomKit.swift"; sourceTree = "<group>"; };
		52737DF81DBEBEED009B5E9D /* String+RandomKit.swift */ = {isa = PBXFileReference; fileEncoding = 4; lastKnownFileType = sourcecode.swift; path = "String+RandomKit.swift"; sourceTree = "<group>"; };
		52737DF91DBEBEED009B5E9D /* UnicodeScalar+RandomKit.swift */ = {isa = PBXFileReference; fileEncoding = 4; lastKnownFileType = sourcecode.swift; path = "UnicodeScalar+RandomKit.swift"; sourceTree = "<group>"; };
		52737E281DBEBEF8009B5E9D /* Color+RandomKit.swift */ = {isa = PBXFileReference; fileEncoding = 4; lastKnownFileType = sourcecode.swift; path = "Color+RandomKit.swift"; sourceTree = "<group>"; };
		52737E291DBEBEF8009B5E9D /* Date+RandomKit.swift */ = {isa = PBXFileReference; fileEncoding = 4; lastKnownFileType = sourcecode.swift; path = "Date+RandomKit.swift"; sourceTree = "<group>"; };
		52737E2A1DBEBEF8009B5E9D /* NSNumber+RandomKit.swift */ = {isa = PBXFileReference; fileEncoding = 4; lastKnownFileType = sourcecode.swift; path = "NSNumber+RandomKit.swift"; sourceTree = "<group>"; };
		52737E2B1DBEBEF8009B5E9D /* URL+RandomKit.swift */ = {isa = PBXFileReference; fileEncoding = 4; lastKnownFileType = sourcecode.swift; path = "URL+RandomKit.swift"; sourceTree = "<group>"; };
		52737E451DBEC9C6009B5E9D /* Decimal+RandomKit.swift */ = {isa = PBXFileReference; fileEncoding = 4; lastKnownFileType = sourcecode.swift; path = "Decimal+RandomKit.swift"; sourceTree = "<group>"; };
		52737E4A1DBEFE83009B5E9D /* RandomGenerator.swift */ = {isa = PBXFileReference; fileEncoding = 4; lastKnownFileType = sourcecode.swift; path = RandomGenerator.swift; sourceTree = "<group>"; };
		528200911BC9C4A2001FDD58 /* RandomKit.framework */ = {isa = PBXFileReference; explicitFileType = wrapper.framework; includeInIndex = 0; path = RandomKit.framework; sourceTree = BUILT_PRODUCTS_DIR; };
		5282009F1BC9C4B6001FDD58 /* RandomKit.framework */ = {isa = PBXFileReference; explicitFileType = wrapper.framework; includeInIndex = 0; path = RandomKit.framework; sourceTree = BUILT_PRODUCTS_DIR; };
		528200AC1BC9C4C0001FDD58 /* RandomKit.framework */ = {isa = PBXFileReference; explicitFileType = wrapper.framework; includeInIndex = 0; path = RandomKit.framework; sourceTree = BUILT_PRODUCTS_DIR; };
		528200F11BC9FA42001FDD58 /* RandomKit Tests.xctest */ = {isa = PBXFileReference; explicitFileType = wrapper.cfbundle; includeInIndex = 0; path = "RandomKit Tests.xctest"; sourceTree = BUILT_PRODUCTS_DIR; };
		528200F31BC9FA42001FDD58 /* RandomKitTests.swift */ = {isa = PBXFileReference; lastKnownFileType = sourcecode.swift; path = RandomKitTests.swift; sourceTree = "<group>"; };
		528200F51BC9FA42001FDD58 /* Info.plist */ = {isa = PBXFileReference; lastKnownFileType = text.plist.xml; path = Info.plist; sourceTree = "<group>"; };
		52A248B41DC68200004C9991 /* Strideable+RandomKit.swift */ = {isa = PBXFileReference; fileEncoding = 4; lastKnownFileType = sourcecode.swift; path = "Strideable+RandomKit.swift"; sourceTree = "<group>"; };
		52C96A1F1BD9828F00C3CBE0 /* RandomKit.framework */ = {isa = PBXFileReference; explicitFileType = wrapper.framework; includeInIndex = 0; path = RandomKit.framework; sourceTree = BUILT_PRODUCTS_DIR; };
		52F9E7601CA5BBBA00039162 /* Package.swift */ = {isa = PBXFileReference; lastKnownFileType = sourcecode.swift; path = Package.swift; sourceTree = "<group>"; };
		52FD11371DE2811C002EF43E /* RandomRawRepresentable.swift */ = {isa = PBXFileReference; fileEncoding = 4; lastKnownFileType = sourcecode.swift; path = RandomRawRepresentable.swift; sourceTree = "<group>"; };
/* End PBXFileReference section */

/* Begin PBXFrameworksBuildPhase section */
		5282008D1BC9C4A2001FDD58 /* Frameworks */ = {
			isa = PBXFrameworksBuildPhase;
			buildActionMask = 2147483647;
			files = (
			);
			runOnlyForDeploymentPostprocessing = 0;
		};
		5282009B1BC9C4B6001FDD58 /* Frameworks */ = {
			isa = PBXFrameworksBuildPhase;
			buildActionMask = 2147483647;
			files = (
			);
			runOnlyForDeploymentPostprocessing = 0;
		};
		528200A81BC9C4C0001FDD58 /* Frameworks */ = {
			isa = PBXFrameworksBuildPhase;
			buildActionMask = 2147483647;
			files = (
			);
			runOnlyForDeploymentPostprocessing = 0;
		};
		528200EE1BC9FA42001FDD58 /* Frameworks */ = {
			isa = PBXFrameworksBuildPhase;
			buildActionMask = 2147483647;
			files = (
				528200F61BC9FA42001FDD58 /* RandomKit.framework in Frameworks */,
			);
			runOnlyForDeploymentPostprocessing = 0;
		};
		52C96A1B1BD9828F00C3CBE0 /* Frameworks */ = {
			isa = PBXFrameworksBuildPhase;
			buildActionMask = 2147483647;
			files = (
			);
			runOnlyForDeploymentPostprocessing = 0;
		};
/* End PBXFrameworksBuildPhase section */

/* Begin PBXGroup section */
		523D8B0B1DBEADD1006FF58C /* CoreGraphics */ = {
			isa = PBXGroup;
			children = (
				523D8B0C1DBEADD1006FF58C /* CGFloat+RandomKit.swift */,
				523D8B0D1DBEADD1006FF58C /* CGPoint+RandomKit.swift */,
				523D8B0E1DBEADD1006FF58C /* CGRect+RandomKit.swift */,
				523D8B0F1DBEADD1006FF58C /* CGSize+RandomKit.swift */,
				523D8B101DBEADD1006FF58C /* CGVector+RandomKit.swift */,
			);
			path = CoreGraphics;
			sourceTree = "<group>";
		};
		525EB2BC1DBD606F00E8B246 /* Support */ = {
			isa = PBXGroup;
			children = (
				525EB2BD1DBD607F00E8B246 /* Info.plist */,
			);
			name = Support;
			sourceTree = "<group>";
		};
		525EB2BE1DBD696B00E8B246 /* Types */ = {
			isa = PBXGroup;
			children = (
				525EB2BF1DBD696B00E8B246 /* Random.swift */,
				5220D0481DDAFEB300B22F7F /* RandomWithAll.swift */,
				525EB34F1DBDDF5700E8B246 /* RandomWithMax.swift */,
				525EB3681DBE70CE00E8B246 /* RandomWithMin.swift */,
				525EB35E1DBDE70A00E8B246 /* RandomToValue.swift */,
				525EB3631DBDE78300E8B246 /* RandomThroughValue.swift */,
				525EB3381DBD7A2100E8B246 /* RandomWithinRange.swift */,
				525EB33A1DBD829000E8B246 /* RandomWithinClosedRange.swift */,
				525EB2C01DBD696B00E8B246 /* Shuffleable.swift */,
				52FD11371DE2811C002EF43E /* RandomRawRepresentable.swift */,
				520DA1341DDF16FD00F265CE /* UnsafeRandom.swift */,
				520DA1391DDF5FA800F265CE /* RandomEnum.swift */,
				52737E4A1DBEFE83009B5E9D /* RandomGenerator.swift */,
			);
			name = Types;
			path = RandomKit/Types;
			sourceTree = "<group>";
		};
		525EB2C91DBD697200E8B246 /* Extensions */ = {
			isa = PBXGroup;
			children = (
				52737DEE1DBEBEED009B5E9D /* Swift */,
				52737E261DBEBEF8009B5E9D /* Foundation */,
				523D8B0B1DBEADD1006FF58C /* CoreGraphics */,
			);
			name = Extensions;
			path = RandomKit/Extensions;
			sourceTree = "<group>";
		};
		52737DEE1DBEBEED009B5E9D /* Swift */ = {
			isa = PBXGroup;
			children = (
				52737DEF1DBEBEED009B5E9D /* Array+RandomKit.swift */,
				52737DF01DBEBEED009B5E9D /* Bool+RandomKit.swift */,
				52737DF11DBEBEED009B5E9D /* Character+RandomKit.swift */,
				52737DF21DBEBEED009B5E9D /* Collection+RandomKit.swift */,
				52737DF31DBEBEED009B5E9D /* Dictionary+RandomKit.swift */,
				52737DF41DBEBEED009B5E9D /* FloatingPoint+RandomKit.swift */,
				52737DF51DBEBEED009B5E9D /* Integer+RandomKit.swift */,
				5230293B1DC54137007530CD /* Range+RandomKit.swift */,
				52737DF61DBEBEED009B5E9D /* Sequence+RandomKit.swift */,
				52737DF71DBEBEED009B5E9D /* Set+RandomKit.swift */,
				52A248B41DC68200004C9991 /* Strideable+RandomKit.swift */,
				52737DF81DBEBEED009B5E9D /* String+RandomKit.swift */,
				52737DF91DBEBEED009B5E9D /* UnicodeScalar+RandomKit.swift */,
			);
			path = Swift;
			sourceTree = "<group>";
		};
		52737E261DBEBEF8009B5E9D /* Foundation */ = {
			isa = PBXGroup;
			children = (
				52737E281DBEBEF8009B5E9D /* Color+RandomKit.swift */,
				52737E291DBEBEF8009B5E9D /* Date+RandomKit.swift */,
				52737E451DBEC9C6009B5E9D /* Decimal+RandomKit.swift */,
				52737E2A1DBEBEF8009B5E9D /* NSNumber+RandomKit.swift */,
				52737E2B1DBEBEF8009B5E9D /* URL+RandomKit.swift */,
			);
			path = Foundation;
			sourceTree = "<group>";
		};
		528200851BC9C460001FDD58 = {
			isa = PBXGroup;
			children = (
				52F9E6DA1CA5B4DF00039162 /* Sources */,
				525EB2BC1DBD606F00E8B246 /* Support */,
				528200F21BC9FA42001FDD58 /* Tests */,
				528200921BC9C4A2001FDD58 /* Products */,
				524083961CA5B31E00AB8851 /* RandomKit.playground */,
				52F9E7601CA5BBBA00039162 /* Package.swift */,
				524083971CA5B35800AB8851 /* LICENSE.md */,
			);
			sourceTree = "<group>";
		};
		528200921BC9C4A2001FDD58 /* Products */ = {
			isa = PBXGroup;
			children = (
				528200911BC9C4A2001FDD58 /* RandomKit.framework */,
				5282009F1BC9C4B6001FDD58 /* RandomKit.framework */,
				528200AC1BC9C4C0001FDD58 /* RandomKit.framework */,
				528200F11BC9FA42001FDD58 /* RandomKit Tests.xctest */,
				52C96A1F1BD9828F00C3CBE0 /* RandomKit.framework */,
			);
			name = Products;
			sourceTree = "<group>";
		};
		528200F21BC9FA42001FDD58 /* Tests */ = {
			isa = PBXGroup;
			children = (
				528200F31BC9FA42001FDD58 /* RandomKitTests.swift */,
				528200F51BC9FA42001FDD58 /* Info.plist */,
			);
			path = Tests;
			sourceTree = "<group>";
		};
		52F9E6DA1CA5B4DF00039162 /* Sources */ = {
			isa = PBXGroup;
			children = (
				525EB2BE1DBD696B00E8B246 /* Types */,
				525EB2C91DBD697200E8B246 /* Extensions */,
			);
			path = Sources;
			sourceTree = "<group>";
		};
/* End PBXGroup section */

/* Begin PBXHeadersBuildPhase section */
		5282008E1BC9C4A2001FDD58 /* Headers */ = {
			isa = PBXHeadersBuildPhase;
			buildActionMask = 2147483647;
			files = (
			);
			runOnlyForDeploymentPostprocessing = 0;
		};
		5282009C1BC9C4B6001FDD58 /* Headers */ = {
			isa = PBXHeadersBuildPhase;
			buildActionMask = 2147483647;
			files = (
			);
			runOnlyForDeploymentPostprocessing = 0;
		};
		528200A91BC9C4C0001FDD58 /* Headers */ = {
			isa = PBXHeadersBuildPhase;
			buildActionMask = 2147483647;
			files = (
			);
			runOnlyForDeploymentPostprocessing = 0;
		};
		52C96A1C1BD9828F00C3CBE0 /* Headers */ = {
			isa = PBXHeadersBuildPhase;
			buildActionMask = 2147483647;
			files = (
			);
			runOnlyForDeploymentPostprocessing = 0;
		};
/* End PBXHeadersBuildPhase section */

/* Begin PBXNativeTarget section */
		528200901BC9C4A2001FDD58 /* RandomKit macOS */ = {
			isa = PBXNativeTarget;
			buildConfigurationList = 528200991BC9C4A2001FDD58 /* Build configuration list for PBXNativeTarget "RandomKit macOS" */;
			buildPhases = (
				5282008C1BC9C4A2001FDD58 /* Sources */,
				5282008D1BC9C4A2001FDD58 /* Frameworks */,
				5282008E1BC9C4A2001FDD58 /* Headers */,
				5282008F1BC9C4A2001FDD58 /* Resources */,
			);
			buildRules = (
			);
			dependencies = (
			);
			name = "RandomKit macOS";
			productName = "RandomKit-OSX";
			productReference = 528200911BC9C4A2001FDD58 /* RandomKit.framework */;
			productType = "com.apple.product-type.framework";
		};
		5282009E1BC9C4B6001FDD58 /* RandomKit iOS */ = {
			isa = PBXNativeTarget;
			buildConfigurationList = 528200A41BC9C4B6001FDD58 /* Build configuration list for PBXNativeTarget "RandomKit iOS" */;
			buildPhases = (
				5282009A1BC9C4B6001FDD58 /* Sources */,
				5282009B1BC9C4B6001FDD58 /* Frameworks */,
				5282009C1BC9C4B6001FDD58 /* Headers */,
				5282009D1BC9C4B6001FDD58 /* Resources */,
			);
			buildRules = (
			);
			dependencies = (
			);
			name = "RandomKit iOS";
			productName = "RandomKit-iOS";
			productReference = 5282009F1BC9C4B6001FDD58 /* RandomKit.framework */;
			productType = "com.apple.product-type.framework";
		};
		528200AB1BC9C4C0001FDD58 /* RandomKit watchOS */ = {
			isa = PBXNativeTarget;
			buildConfigurationList = 528200B11BC9C4C0001FDD58 /* Build configuration list for PBXNativeTarget "RandomKit watchOS" */;
			buildPhases = (
				528200A71BC9C4C0001FDD58 /* Sources */,
				528200A81BC9C4C0001FDD58 /* Frameworks */,
				528200A91BC9C4C0001FDD58 /* Headers */,
				528200AA1BC9C4C0001FDD58 /* Resources */,
			);
			buildRules = (
			);
			dependencies = (
			);
			name = "RandomKit watchOS";
			productName = "RandomKit-watchOS";
			productReference = 528200AC1BC9C4C0001FDD58 /* RandomKit.framework */;
			productType = "com.apple.product-type.framework";
		};
		528200F01BC9FA42001FDD58 /* RandomKit Tests */ = {
			isa = PBXNativeTarget;
			buildConfigurationList = 528200F91BC9FA42001FDD58 /* Build configuration list for PBXNativeTarget "RandomKit Tests" */;
			buildPhases = (
				528200ED1BC9FA42001FDD58 /* Sources */,
				528200EE1BC9FA42001FDD58 /* Frameworks */,
				528200EF1BC9FA42001FDD58 /* Resources */,
			);
			buildRules = (
			);
			dependencies = (
				528200F81BC9FA42001FDD58 /* PBXTargetDependency */,
			);
			name = "RandomKit Tests";
			productName = RandomKitTests;
			productReference = 528200F11BC9FA42001FDD58 /* RandomKit Tests.xctest */;
			productType = "com.apple.product-type.bundle.unit-test";
		};
		52C96A1E1BD9828F00C3CBE0 /* RandomKit tvOS */ = {
			isa = PBXNativeTarget;
			buildConfigurationList = 52C96A241BD9828F00C3CBE0 /* Build configuration list for PBXNativeTarget "RandomKit tvOS" */;
			buildPhases = (
				52C96A1A1BD9828F00C3CBE0 /* Sources */,
				52C96A1B1BD9828F00C3CBE0 /* Frameworks */,
				52C96A1C1BD9828F00C3CBE0 /* Headers */,
				52C96A1D1BD9828F00C3CBE0 /* Resources */,
			);
			buildRules = (
			);
			dependencies = (
			);
			name = "RandomKit tvOS";
			productName = "RandomKit tvOS";
			productReference = 52C96A1F1BD9828F00C3CBE0 /* RandomKit.framework */;
			productType = "com.apple.product-type.framework";
		};
/* End PBXNativeTarget section */

/* Begin PBXProject section */
		528200861BC9C460001FDD58 /* Project object */ = {
			isa = PBXProject;
			attributes = {
				LastSwiftUpdateCheck = 0700;
				LastUpgradeCheck = 0810;
				ORGANIZATIONNAME = "Nikolai Vazquez";
				TargetAttributes = {
					528200901BC9C4A2001FDD58 = {
						CreatedOnToolsVersion = 7.0.1;
						LastSwiftMigration = 0800;
					};
					5282009E1BC9C4B6001FDD58 = {
						CreatedOnToolsVersion = 7.0.1;
					};
					528200AB1BC9C4C0001FDD58 = {
						CreatedOnToolsVersion = 7.0.1;
					};
					528200F01BC9FA42001FDD58 = {
						CreatedOnToolsVersion = 7.0.1;
						LastSwiftMigration = 0800;
					};
					52C96A1E1BD9828F00C3CBE0 = {
						CreatedOnToolsVersion = 7.1;
					};
				};
			};
			buildConfigurationList = 528200891BC9C460001FDD58 /* Build configuration list for PBXProject "RandomKit" */;
			compatibilityVersion = "Xcode 3.2";
			developmentRegion = English;
			hasScannedForEncodings = 0;
			knownRegions = (
				en,
			);
			mainGroup = 528200851BC9C460001FDD58;
			productRefGroup = 528200921BC9C4A2001FDD58 /* Products */;
			projectDirPath = "";
			projectRoot = "";
			targets = (
				528200901BC9C4A2001FDD58 /* RandomKit macOS */,
				5282009E1BC9C4B6001FDD58 /* RandomKit iOS */,
				528200AB1BC9C4C0001FDD58 /* RandomKit watchOS */,
				52C96A1E1BD9828F00C3CBE0 /* RandomKit tvOS */,
				528200F01BC9FA42001FDD58 /* RandomKit Tests */,
			);
		};
/* End PBXProject section */

/* Begin PBXResourcesBuildPhase section */
		5282008F1BC9C4A2001FDD58 /* Resources */ = {
			isa = PBXResourcesBuildPhase;
			buildActionMask = 2147483647;
			files = (
			);
			runOnlyForDeploymentPostprocessing = 0;
		};
		5282009D1BC9C4B6001FDD58 /* Resources */ = {
			isa = PBXResourcesBuildPhase;
			buildActionMask = 2147483647;
			files = (
			);
			runOnlyForDeploymentPostprocessing = 0;
		};
		528200AA1BC9C4C0001FDD58 /* Resources */ = {
			isa = PBXResourcesBuildPhase;
			buildActionMask = 2147483647;
			files = (
			);
			runOnlyForDeploymentPostprocessing = 0;
		};
		528200EF1BC9FA42001FDD58 /* Resources */ = {
			isa = PBXResourcesBuildPhase;
			buildActionMask = 2147483647;
			files = (
			);
			runOnlyForDeploymentPostprocessing = 0;
		};
		52C96A1D1BD9828F00C3CBE0 /* Resources */ = {
			isa = PBXResourcesBuildPhase;
			buildActionMask = 2147483647;
			files = (
			);
			runOnlyForDeploymentPostprocessing = 0;
		};
/* End PBXResourcesBuildPhase section */

/* Begin PBXSourcesBuildPhase section */
		5282008C1BC9C4A2001FDD58 /* Sources */ = {
			isa = PBXSourcesBuildPhase;
			buildActionMask = 2147483647;
			files = (
				520DA1351DDF16FD00F265CE /* UnsafeRandom.swift in Sources */,
				52737E0E1DBEBEED009B5E9D /* FloatingPoint+RandomKit.swift in Sources */,
				52737E301DBEBEF8009B5E9D /* Color+RandomKit.swift in Sources */,
				525EB3391DBD7A2100E8B246 /* RandomWithinRange.swift in Sources */,
				52737E3C1DBEBEF8009B5E9D /* URL+RandomKit.swift in Sources */,
				52737E121DBEBEED009B5E9D /* Integer+RandomKit.swift in Sources */,
				52737DFA1DBEBEED009B5E9D /* Array+RandomKit.swift in Sources */,
				52737E1A1DBEBEED009B5E9D /* Set+RandomKit.swift in Sources */,
				52737E161DBEBEED009B5E9D /* Sequence+RandomKit.swift in Sources */,
				52737E1E1DBEBEED009B5E9D /* String+RandomKit.swift in Sources */,
				52A248B51DC68200004C9991 /* Strideable+RandomKit.swift in Sources */,
				523D8B191DBEADD1006FF58C /* CGRect+RandomKit.swift in Sources */,
				525EB3691DBE70CE00E8B246 /* RandomWithMin.swift in Sources */,
				52737E461DBEC9C6009B5E9D /* Decimal+RandomKit.swift in Sources */,
				525EB3641DBDE78300E8B246 /* RandomThroughValue.swift in Sources */,
				525EB33B1DBD829000E8B246 /* RandomWithinClosedRange.swift in Sources */,
				5220D0491DDAFEB300B22F7F /* RandomWithAll.swift in Sources */,
				52737E221DBEBEED009B5E9D /* UnicodeScalar+RandomKit.swift in Sources */,
				52737E381DBEBEF8009B5E9D /* NSNumber+RandomKit.swift in Sources */,
				523D8B211DBEADD1006FF58C /* CGVector+RandomKit.swift in Sources */,
				5230293C1DC54137007530CD /* Range+RandomKit.swift in Sources */,
				52737DFE1DBEBEED009B5E9D /* Bool+RandomKit.swift in Sources */,
				52FD11381DE2811C002EF43E /* RandomRawRepresentable.swift in Sources */,
				52737E4B1DBEFE83009B5E9D /* RandomGenerator.swift in Sources */,
				525EB2C11DBD696B00E8B246 /* Random.swift in Sources */,
				523D8B111DBEADD1006FF58C /* CGFloat+RandomKit.swift in Sources */,
				52737E061DBEBEED009B5E9D /* Collection+RandomKit.swift in Sources */,
				525EB2C51DBD696B00E8B246 /* Shuffleable.swift in Sources */,
				52737E341DBEBEF8009B5E9D /* Date+RandomKit.swift in Sources */,
				52737E021DBEBEED009B5E9D /* Character+RandomKit.swift in Sources */,
				520DA13A1DDF5FA800F265CE /* RandomEnum.swift in Sources */,
				525EB35F1DBDE70A00E8B246 /* RandomToValue.swift in Sources */,
				52737E0A1DBEBEED009B5E9D /* Dictionary+RandomKit.swift in Sources */,
				523D8B1D1DBEADD1006FF58C /* CGSize+RandomKit.swift in Sources */,
				525EB3501DBDDF5700E8B246 /* RandomWithMax.swift in Sources */,
				523D8B151DBEADD1006FF58C /* CGPoint+RandomKit.swift in Sources */,
			);
			runOnlyForDeploymentPostprocessing = 0;
		};
		5282009A1BC9C4B6001FDD58 /* Sources */ = {
			isa = PBXSourcesBuildPhase;
			buildActionMask = 2147483647;
			files = (
				520DA1361DDF16FD00F265CE /* UnsafeRandom.swift in Sources */,
				52737E0F1DBEBEED009B5E9D /* FloatingPoint+RandomKit.swift in Sources */,
				52737E311DBEBEF8009B5E9D /* Color+RandomKit.swift in Sources */,
				52737E3D1DBEBEF8009B5E9D /* URL+RandomKit.swift in Sources */,
				52737E131DBEBEED009B5E9D /* Integer+RandomKit.swift in Sources */,
				52737DFB1DBEBEED009B5E9D /* Array+RandomKit.swift in Sources */,
				52737E1B1DBEBEED009B5E9D /* Set+RandomKit.swift in Sources */,
				52737E171DBEBEED009B5E9D /* Sequence+RandomKit.swift in Sources */,
				52737E1F1DBEBEED009B5E9D /* String+RandomKit.swift in Sources */,
				523D8B1A1DBEADD1006FF58C /* CGRect+RandomKit.swift in Sources */,
				52A248B61DC68200004C9991 /* Strideable+RandomKit.swift in Sources */,
				525EB3601DBDE70A00E8B246 /* RandomToValue.swift in Sources */,
				525EB2C21DBD696B00E8B246 /* Random.swift in Sources */,
				52737E471DBEC9C6009B5E9D /* Decimal+RandomKit.swift in Sources */,
				52737E231DBEBEED009B5E9D /* UnicodeScalar+RandomKit.swift in Sources */,
				525EB3651DBDE78300E8B246 /* RandomThroughValue.swift in Sources */,
				5220D04A1DDAFEB300B22F7F /* RandomWithAll.swift in Sources */,
				52737E391DBEBEF8009B5E9D /* NSNumber+RandomKit.swift in Sources */,
				523D8B221DBEADD1006FF58C /* CGVector+RandomKit.swift in Sources */,
				525EB2C61DBD696B00E8B246 /* Shuffleable.swift in Sources */,
				5230293D1DC54137007530CD /* Range+RandomKit.swift in Sources */,
				52737DFF1DBEBEED009B5E9D /* Bool+RandomKit.swift in Sources */,
				52FD11391DE2811C002EF43E /* RandomRawRepresentable.swift in Sources */,
				52737E4C1DBEFE83009B5E9D /* RandomGenerator.swift in Sources */,
				523D8B121DBEADD1006FF58C /* CGFloat+RandomKit.swift in Sources */,
				52737E071DBEBEED009B5E9D /* Collection+RandomKit.swift in Sources */,
				52737E351DBEBEF8009B5E9D /* Date+RandomKit.swift in Sources */,
				52737E031DBEBEED009B5E9D /* Character+RandomKit.swift in Sources */,
				523D8B041DBEAC19006FF58C /* RandomWithinRange.swift in Sources */,
				523D8B081DBEAC1D006FF58C /* RandomWithinClosedRange.swift in Sources */,
				520DA13B1DDF5FA800F265CE /* RandomEnum.swift in Sources */,
				52737E0B1DBEBEED009B5E9D /* Dictionary+RandomKit.swift in Sources */,
				525EB36A1DBE70CE00E8B246 /* RandomWithMin.swift in Sources */,
				525EB3511DBDDF5700E8B246 /* RandomWithMax.swift in Sources */,
				523D8B1E1DBEADD1006FF58C /* CGSize+RandomKit.swift in Sources */,
				523D8B161DBEADD1006FF58C /* CGPoint+RandomKit.swift in Sources */,
			);
			runOnlyForDeploymentPostprocessing = 0;
		};
		528200A71BC9C4C0001FDD58 /* Sources */ = {
			isa = PBXSourcesBuildPhase;
			buildActionMask = 2147483647;
			files = (
				520DA1371DDF16FD00F265CE /* UnsafeRandom.swift in Sources */,
				52737E101DBEBEED009B5E9D /* FloatingPoint+RandomKit.swift in Sources */,
				52737E321DBEBEF8009B5E9D /* Color+RandomKit.swift in Sources */,
				52737E3E1DBEBEF8009B5E9D /* URL+RandomKit.swift in Sources */,
				52737E141DBEBEED009B5E9D /* Integer+RandomKit.swift in Sources */,
				52737DFC1DBEBEED009B5E9D /* Array+RandomKit.swift in Sources */,
				52737E1C1DBEBEED009B5E9D /* Set+RandomKit.swift in Sources */,
				52737E181DBEBEED009B5E9D /* Sequence+RandomKit.swift in Sources */,
				52737E201DBEBEED009B5E9D /* String+RandomKit.swift in Sources */,
				523D8B1B1DBEADD1006FF58C /* CGRect+RandomKit.swift in Sources */,
				52A248B71DC68200004C9991 /* Strideable+RandomKit.swift in Sources */,
				525EB3611DBDE70A00E8B246 /* RandomToValue.swift in Sources */,
				525EB2C31DBD696B00E8B246 /* Random.swift in Sources */,
				52737E481DBEC9C6009B5E9D /* Decimal+RandomKit.swift in Sources */,
				52737E241DBEBEED009B5E9D /* UnicodeScalar+RandomKit.swift in Sources */,
				525EB3661DBDE78300E8B246 /* RandomThroughValue.swift in Sources */,
				5220D04B1DDAFEB300B22F7F /* RandomWithAll.swift in Sources */,
				52737E3A1DBEBEF8009B5E9D /* NSNumber+RandomKit.swift in Sources */,
				523D8B231DBEADD1006FF58C /* CGVector+RandomKit.swift in Sources */,
				525EB2C71DBD696B00E8B246 /* Shuffleable.swift in Sources */,
				5230293E1DC54137007530CD /* Range+RandomKit.swift in Sources */,
				52737E001DBEBEED009B5E9D /* Bool+RandomKit.swift in Sources */,
				52FD113A1DE2811C002EF43E /* RandomRawRepresentable.swift in Sources */,
				52737E4D1DBEFE83009B5E9D /* RandomGenerator.swift in Sources */,
				523D8B131DBEADD1006FF58C /* CGFloat+RandomKit.swift in Sources */,
				52737E081DBEBEED009B5E9D /* Collection+RandomKit.swift in Sources */,
				52737E361DBEBEF8009B5E9D /* Date+RandomKit.swift in Sources */,
				52737E041DBEBEED009B5E9D /* Character+RandomKit.swift in Sources */,
				523D8B051DBEAC19006FF58C /* RandomWithinRange.swift in Sources */,
				523D8B091DBEAC1E006FF58C /* RandomWithinClosedRange.swift in Sources */,
				520DA13C1DDF5FA800F265CE /* RandomEnum.swift in Sources */,
				52737E0C1DBEBEED009B5E9D /* Dictionary+RandomKit.swift in Sources */,
				525EB36B1DBE70CE00E8B246 /* RandomWithMin.swift in Sources */,
				525EB3521DBDDF5700E8B246 /* RandomWithMax.swift in Sources */,
				523D8B1F1DBEADD1006FF58C /* CGSize+RandomKit.swift in Sources */,
				523D8B171DBEADD1006FF58C /* CGPoint+RandomKit.swift in Sources */,
			);
			runOnlyForDeploymentPostprocessing = 0;
		};
		528200ED1BC9FA42001FDD58 /* Sources */ = {
			isa = PBXSourcesBuildPhase;
			buildActionMask = 2147483647;
			files = (
				528200F41BC9FA42001FDD58 /* RandomKitTests.swift in Sources */,
			);
			runOnlyForDeploymentPostprocessing = 0;
		};
		52C96A1A1BD9828F00C3CBE0 /* Sources */ = {
			isa = PBXSourcesBuildPhase;
			buildActionMask = 2147483647;
			files = (
				520DA1381DDF16FD00F265CE /* UnsafeRandom.swift in Sources */,
				52737E111DBEBEED009B5E9D /* FloatingPoint+RandomKit.swift in Sources */,
				52737E331DBEBEF8009B5E9D /* Color+RandomKit.swift in Sources */,
				52737E3F1DBEBEF8009B5E9D /* URL+RandomKit.swift in Sources */,
				52737E151DBEBEED009B5E9D /* Integer+RandomKit.swift in Sources */,
				52737DFD1DBEBEED009B5E9D /* Array+RandomKit.swift in Sources */,
				52737E1D1DBEBEED009B5E9D /* Set+RandomKit.swift in Sources */,
				52737E191DBEBEED009B5E9D /* Sequence+RandomKit.swift in Sources */,
				52737E211DBEBEED009B5E9D /* String+RandomKit.swift in Sources */,
				523D8B1C1DBEADD1006FF58C /* CGRect+RandomKit.swift in Sources */,
				52A248B81DC68200004C9991 /* Strideable+RandomKit.swift in Sources */,
				525EB3621DBDE70A00E8B246 /* RandomToValue.swift in Sources */,
				525EB2C41DBD696B00E8B246 /* Random.swift in Sources */,
				52737E491DBEC9C6009B5E9D /* Decimal+RandomKit.swift in Sources */,
				52737E251DBEBEED009B5E9D /* UnicodeScalar+RandomKit.swift in Sources */,
				525EB3671DBDE78300E8B246 /* RandomThroughValue.swift in Sources */,
				5220D04C1DDAFEB300B22F7F /* RandomWithAll.swift in Sources */,
				52737E3B1DBEBEF8009B5E9D /* NSNumber+RandomKit.swift in Sources */,
				523D8B241DBEADD1006FF58C /* CGVector+RandomKit.swift in Sources */,
				525EB2C81DBD696B00E8B246 /* Shuffleable.swift in Sources */,
				5230293F1DC54137007530CD /* Range+RandomKit.swift in Sources */,
				52737E011DBEBEED009B5E9D /* Bool+RandomKit.swift in Sources */,
				52FD113B1DE2811C002EF43E /* RandomRawRepresentable.swift in Sources */,
				52737E4E1DBEFE83009B5E9D /* RandomGenerator.swift in Sources */,
				523D8B141DBEADD1006FF58C /* CGFloat+RandomKit.swift in Sources */,
				52737E091DBEBEED009B5E9D /* Collection+RandomKit.swift in Sources */,
				52737E371DBEBEF8009B5E9D /* Date+RandomKit.swift in Sources */,
				52737E051DBEBEED009B5E9D /* Character+RandomKit.swift in Sources */,
				523D8B061DBEAC1A006FF58C /* RandomWithinRange.swift in Sources */,
				523D8B0A1DBEAC1E006FF58C /* RandomWithinClosedRange.swift in Sources */,
				520DA13D1DDF5FA800F265CE /* RandomEnum.swift in Sources */,
				52737E0D1DBEBEED009B5E9D /* Dictionary+RandomKit.swift in Sources */,
				525EB36C1DBE70CE00E8B246 /* RandomWithMin.swift in Sources */,
				525EB3531DBDDF5700E8B246 /* RandomWithMax.swift in Sources */,
				523D8B201DBEADD1006FF58C /* CGSize+RandomKit.swift in Sources */,
				523D8B181DBEADD1006FF58C /* CGPoint+RandomKit.swift in Sources */,
			);
			runOnlyForDeploymentPostprocessing = 0;
		};
/* End PBXSourcesBuildPhase section */

/* Begin PBXTargetDependency section */
		528200F81BC9FA42001FDD58 /* PBXTargetDependency */ = {
			isa = PBXTargetDependency;
			target = 528200901BC9C4A2001FDD58 /* RandomKit macOS */;
			targetProxy = 528200F71BC9FA42001FDD58 /* PBXContainerItemProxy */;
		};
/* End PBXTargetDependency section */

/* Begin XCBuildConfiguration section */
		5282008A1BC9C460001FDD58 /* Debug */ = {
			isa = XCBuildConfiguration;
			buildSettings = {
				CLANG_WARN_BOOL_CONVERSION = YES;
				CLANG_WARN_CONSTANT_CONVERSION = YES;
				CLANG_WARN_EMPTY_BODY = YES;
				CLANG_WARN_ENUM_CONVERSION = YES;
				CLANG_WARN_INFINITE_RECURSION = YES;
				CLANG_WARN_INT_CONVERSION = YES;
				CLANG_WARN_SUSPICIOUS_MOVE = YES;
				CLANG_WARN_UNREACHABLE_CODE = YES;
				CLANG_WARN__DUPLICATE_METHOD_MATCH = YES;
				ENABLE_STRICT_OBJC_MSGSEND = YES;
				ENABLE_TESTABILITY = YES;
				GCC_NO_COMMON_BLOCKS = YES;
				GCC_WARN_64_TO_32_BIT_CONVERSION = YES;
				GCC_WARN_ABOUT_RETURN_TYPE = YES;
				GCC_WARN_UNDECLARED_SELECTOR = YES;
				GCC_WARN_UNINITIALIZED_AUTOS = YES;
				GCC_WARN_UNUSED_FUNCTION = YES;
				GCC_WARN_UNUSED_VARIABLE = YES;
				IPHONEOS_DEPLOYMENT_TARGET = 8.0;
				MACOSX_DEPLOYMENT_TARGET = 10.9;
				ONLY_ACTIVE_ARCH = YES;
				SWIFT_OPTIMIZATION_LEVEL = "-Onone";
				SWIFT_VERSION = 3.0;
			};
			name = Debug;
		};
		5282008B1BC9C460001FDD58 /* Release */ = {
			isa = XCBuildConfiguration;
			buildSettings = {
				CLANG_WARN_BOOL_CONVERSION = YES;
				CLANG_WARN_CONSTANT_CONVERSION = YES;
				CLANG_WARN_EMPTY_BODY = YES;
				CLANG_WARN_ENUM_CONVERSION = YES;
				CLANG_WARN_INFINITE_RECURSION = YES;
				CLANG_WARN_INT_CONVERSION = YES;
				CLANG_WARN_SUSPICIOUS_MOVE = YES;
				CLANG_WARN_UNREACHABLE_CODE = YES;
				CLANG_WARN__DUPLICATE_METHOD_MATCH = YES;
				ENABLE_STRICT_OBJC_MSGSEND = YES;
				GCC_NO_COMMON_BLOCKS = YES;
				GCC_WARN_64_TO_32_BIT_CONVERSION = YES;
				GCC_WARN_ABOUT_RETURN_TYPE = YES;
				GCC_WARN_UNDECLARED_SELECTOR = YES;
				GCC_WARN_UNINITIALIZED_AUTOS = YES;
				GCC_WARN_UNUSED_FUNCTION = YES;
				GCC_WARN_UNUSED_VARIABLE = YES;
				IPHONEOS_DEPLOYMENT_TARGET = 8.0;
				MACOSX_DEPLOYMENT_TARGET = 10.9;
				SWIFT_OPTIMIZATION_LEVEL = "-Owholemodule";
				SWIFT_VERSION = 3.0;
			};
			name = Release;
		};
		528200971BC9C4A2001FDD58 /* Debug */ = {
			isa = XCBuildConfiguration;
			buildSettings = {
				ALWAYS_SEARCH_USER_PATHS = NO;
				CLANG_CXX_LANGUAGE_STANDARD = "gnu++0x";
				CLANG_CXX_LIBRARY = "libc++";
				CLANG_ENABLE_MODULES = YES;
				CLANG_ENABLE_OBJC_ARC = YES;
				CLANG_WARN_BOOL_CONVERSION = YES;
				CLANG_WARN_CONSTANT_CONVERSION = YES;
				CLANG_WARN_DIRECT_OBJC_ISA_USAGE = YES_ERROR;
				CLANG_WARN_EMPTY_BODY = YES;
				CLANG_WARN_ENUM_CONVERSION = YES;
				CLANG_WARN_INT_CONVERSION = YES;
				CLANG_WARN_OBJC_ROOT_CLASS = YES_ERROR;
				CLANG_WARN_UNREACHABLE_CODE = YES;
				CLANG_WARN__DUPLICATE_METHOD_MATCH = YES;
				COMBINE_HIDPI_IMAGES = YES;
				COPY_PHASE_STRIP = NO;
				CURRENT_PROJECT_VERSION = 1;
				DEBUG_INFORMATION_FORMAT = dwarf;
				DEFINES_MODULE = YES;
				DYLIB_COMPATIBILITY_VERSION = 1;
				DYLIB_CURRENT_VERSION = 1;
				DYLIB_INSTALL_NAME_BASE = "@rpath";
				ENABLE_STRICT_OBJC_MSGSEND = YES;
				ENABLE_TESTABILITY = YES;
				FRAMEWORK_VERSION = A;
				GCC_C_LANGUAGE_STANDARD = gnu99;
				GCC_DYNAMIC_NO_PIC = NO;
				GCC_NO_COMMON_BLOCKS = YES;
				GCC_OPTIMIZATION_LEVEL = 0;
				GCC_PREPROCESSOR_DEFINITIONS = (
					"DEBUG=1",
					"$(inherited)",
				);
				GCC_WARN_64_TO_32_BIT_CONVERSION = YES;
				GCC_WARN_ABOUT_RETURN_TYPE = YES_ERROR;
				GCC_WARN_UNDECLARED_SELECTOR = YES;
				GCC_WARN_UNINITIALIZED_AUTOS = YES_AGGRESSIVE;
				GCC_WARN_UNUSED_FUNCTION = YES;
				GCC_WARN_UNUSED_VARIABLE = YES;
				INFOPLIST_FILE = "$(SRCROOT)/RandomKit.xcodeproj/Info.plist";
				INSTALL_PATH = "$(LOCAL_LIBRARY_DIR)/Frameworks";
				LD_RUNPATH_SEARCH_PATHS = "$(inherited) @executable_path/../Frameworks @loader_path/Frameworks";
				MTL_ENABLE_DEBUG_INFO = YES;
				ONLY_ACTIVE_ARCH = YES;
				PRODUCT_BUNDLE_IDENTIFIER = com.nikolaivazquez.RandomKit;
				PRODUCT_NAME = RandomKit;
				SDKROOT = macosx;
				SKIP_INSTALL = YES;
				VERSIONING_SYSTEM = "apple-generic";
				VERSION_INFO_PREFIX = "";
			};
			name = Debug;
		};
		528200981BC9C4A2001FDD58 /* Release */ = {
			isa = XCBuildConfiguration;
			buildSettings = {
				ALWAYS_SEARCH_USER_PATHS = NO;
				CLANG_CXX_LANGUAGE_STANDARD = "gnu++0x";
				CLANG_CXX_LIBRARY = "libc++";
				CLANG_ENABLE_MODULES = YES;
				CLANG_ENABLE_OBJC_ARC = YES;
				CLANG_WARN_BOOL_CONVERSION = YES;
				CLANG_WARN_CONSTANT_CONVERSION = YES;
				CLANG_WARN_DIRECT_OBJC_ISA_USAGE = YES_ERROR;
				CLANG_WARN_EMPTY_BODY = YES;
				CLANG_WARN_ENUM_CONVERSION = YES;
				CLANG_WARN_INT_CONVERSION = YES;
				CLANG_WARN_OBJC_ROOT_CLASS = YES_ERROR;
				CLANG_WARN_UNREACHABLE_CODE = YES;
				CLANG_WARN__DUPLICATE_METHOD_MATCH = YES;
				COMBINE_HIDPI_IMAGES = YES;
				COPY_PHASE_STRIP = NO;
				CURRENT_PROJECT_VERSION = 1;
				DEBUG_INFORMATION_FORMAT = "dwarf-with-dsym";
				DEFINES_MODULE = YES;
				DYLIB_COMPATIBILITY_VERSION = 1;
				DYLIB_CURRENT_VERSION = 1;
				DYLIB_INSTALL_NAME_BASE = "@rpath";
				ENABLE_NS_ASSERTIONS = NO;
				ENABLE_STRICT_OBJC_MSGSEND = YES;
				FRAMEWORK_VERSION = A;
				GCC_C_LANGUAGE_STANDARD = gnu99;
				GCC_NO_COMMON_BLOCKS = YES;
				GCC_WARN_64_TO_32_BIT_CONVERSION = YES;
				GCC_WARN_ABOUT_RETURN_TYPE = YES_ERROR;
				GCC_WARN_UNDECLARED_SELECTOR = YES;
				GCC_WARN_UNINITIALIZED_AUTOS = YES_AGGRESSIVE;
				GCC_WARN_UNUSED_FUNCTION = YES;
				GCC_WARN_UNUSED_VARIABLE = YES;
				INFOPLIST_FILE = "$(SRCROOT)/RandomKit.xcodeproj/Info.plist";
				INSTALL_PATH = "$(LOCAL_LIBRARY_DIR)/Frameworks";
				LD_RUNPATH_SEARCH_PATHS = "$(inherited) @executable_path/../Frameworks @loader_path/Frameworks";
				MTL_ENABLE_DEBUG_INFO = NO;
				PRODUCT_BUNDLE_IDENTIFIER = com.nikolaivazquez.RandomKit;
				PRODUCT_NAME = RandomKit;
				SDKROOT = macosx;
				SKIP_INSTALL = YES;
				VERSIONING_SYSTEM = "apple-generic";
				VERSION_INFO_PREFIX = "";
			};
			name = Release;
		};
		528200A51BC9C4B6001FDD58 /* Debug */ = {
			isa = XCBuildConfiguration;
			buildSettings = {
				ALWAYS_SEARCH_USER_PATHS = NO;
				CLANG_CXX_LANGUAGE_STANDARD = "gnu++0x";
				CLANG_CXX_LIBRARY = "libc++";
				CLANG_ENABLE_MODULES = YES;
				CLANG_ENABLE_OBJC_ARC = YES;
				CLANG_WARN_BOOL_CONVERSION = YES;
				CLANG_WARN_CONSTANT_CONVERSION = YES;
				CLANG_WARN_DIRECT_OBJC_ISA_USAGE = YES_ERROR;
				CLANG_WARN_EMPTY_BODY = YES;
				CLANG_WARN_ENUM_CONVERSION = YES;
				CLANG_WARN_INT_CONVERSION = YES;
				CLANG_WARN_OBJC_ROOT_CLASS = YES_ERROR;
				CLANG_WARN_UNREACHABLE_CODE = YES;
				CLANG_WARN__DUPLICATE_METHOD_MATCH = YES;
				"CODE_SIGN_IDENTITY[sdk=iphoneos*]" = "";
				COPY_PHASE_STRIP = NO;
				CURRENT_PROJECT_VERSION = 1;
				DEBUG_INFORMATION_FORMAT = dwarf;
				DEFINES_MODULE = YES;
				DYLIB_COMPATIBILITY_VERSION = 1;
				DYLIB_CURRENT_VERSION = 1;
				DYLIB_INSTALL_NAME_BASE = "@rpath";
				ENABLE_STRICT_OBJC_MSGSEND = YES;
				ENABLE_TESTABILITY = YES;
				GCC_C_LANGUAGE_STANDARD = gnu99;
				GCC_DYNAMIC_NO_PIC = NO;
				GCC_NO_COMMON_BLOCKS = YES;
				GCC_OPTIMIZATION_LEVEL = 0;
				GCC_PREPROCESSOR_DEFINITIONS = (
					"DEBUG=1",
					"$(inherited)",
				);
				GCC_WARN_64_TO_32_BIT_CONVERSION = YES;
				GCC_WARN_ABOUT_RETURN_TYPE = YES_ERROR;
				GCC_WARN_UNDECLARED_SELECTOR = YES;
				GCC_WARN_UNINITIALIZED_AUTOS = YES_AGGRESSIVE;
				GCC_WARN_UNUSED_FUNCTION = YES;
				GCC_WARN_UNUSED_VARIABLE = YES;
				INFOPLIST_FILE = "$(SRCROOT)/RandomKit.xcodeproj/Info.plist";
				INSTALL_PATH = "$(LOCAL_LIBRARY_DIR)/Frameworks";
				LD_RUNPATH_SEARCH_PATHS = "$(inherited) @executable_path/Frameworks @loader_path/Frameworks";
				MTL_ENABLE_DEBUG_INFO = YES;
				ONLY_ACTIVE_ARCH = YES;
				PRODUCT_BUNDLE_IDENTIFIER = com.nikolaivazquez.RandomKit;
				PRODUCT_NAME = RandomKit;
				SDKROOT = iphoneos;
				SKIP_INSTALL = YES;
				TARGETED_DEVICE_FAMILY = "1,2";
				VERSIONING_SYSTEM = "apple-generic";
				VERSION_INFO_PREFIX = "";
			};
			name = Debug;
		};
		528200A61BC9C4B6001FDD58 /* Release */ = {
			isa = XCBuildConfiguration;
			buildSettings = {
				ALWAYS_SEARCH_USER_PATHS = NO;
				CLANG_CXX_LANGUAGE_STANDARD = "gnu++0x";
				CLANG_CXX_LIBRARY = "libc++";
				CLANG_ENABLE_MODULES = YES;
				CLANG_ENABLE_OBJC_ARC = YES;
				CLANG_WARN_BOOL_CONVERSION = YES;
				CLANG_WARN_CONSTANT_CONVERSION = YES;
				CLANG_WARN_DIRECT_OBJC_ISA_USAGE = YES_ERROR;
				CLANG_WARN_EMPTY_BODY = YES;
				CLANG_WARN_ENUM_CONVERSION = YES;
				CLANG_WARN_INT_CONVERSION = YES;
				CLANG_WARN_OBJC_ROOT_CLASS = YES_ERROR;
				CLANG_WARN_UNREACHABLE_CODE = YES;
				CLANG_WARN__DUPLICATE_METHOD_MATCH = YES;
				"CODE_SIGN_IDENTITY[sdk=iphoneos*]" = "";
				COPY_PHASE_STRIP = NO;
				CURRENT_PROJECT_VERSION = 1;
				DEBUG_INFORMATION_FORMAT = "dwarf-with-dsym";
				DEFINES_MODULE = YES;
				DYLIB_COMPATIBILITY_VERSION = 1;
				DYLIB_CURRENT_VERSION = 1;
				DYLIB_INSTALL_NAME_BASE = "@rpath";
				ENABLE_NS_ASSERTIONS = NO;
				ENABLE_STRICT_OBJC_MSGSEND = YES;
				GCC_C_LANGUAGE_STANDARD = gnu99;
				GCC_NO_COMMON_BLOCKS = YES;
				GCC_WARN_64_TO_32_BIT_CONVERSION = YES;
				GCC_WARN_ABOUT_RETURN_TYPE = YES_ERROR;
				GCC_WARN_UNDECLARED_SELECTOR = YES;
				GCC_WARN_UNINITIALIZED_AUTOS = YES_AGGRESSIVE;
				GCC_WARN_UNUSED_FUNCTION = YES;
				GCC_WARN_UNUSED_VARIABLE = YES;
				INFOPLIST_FILE = "$(SRCROOT)/RandomKit.xcodeproj/Info.plist";
				INSTALL_PATH = "$(LOCAL_LIBRARY_DIR)/Frameworks";
				LD_RUNPATH_SEARCH_PATHS = "$(inherited) @executable_path/Frameworks @loader_path/Frameworks";
				MTL_ENABLE_DEBUG_INFO = NO;
				PRODUCT_BUNDLE_IDENTIFIER = com.nikolaivazquez.RandomKit;
				PRODUCT_NAME = RandomKit;
				SDKROOT = iphoneos;
				SKIP_INSTALL = YES;
				TARGETED_DEVICE_FAMILY = "1,2";
				VALIDATE_PRODUCT = YES;
				VERSIONING_SYSTEM = "apple-generic";
				VERSION_INFO_PREFIX = "";
			};
			name = Release;
		};
		528200B21BC9C4C0001FDD58 /* Debug */ = {
			isa = XCBuildConfiguration;
			buildSettings = {
				ALWAYS_SEARCH_USER_PATHS = NO;
				CLANG_CXX_LANGUAGE_STANDARD = "gnu++0x";
				CLANG_CXX_LIBRARY = "libc++";
				CLANG_ENABLE_MODULES = YES;
				CLANG_ENABLE_OBJC_ARC = YES;
				CLANG_WARN_BOOL_CONVERSION = YES;
				CLANG_WARN_CONSTANT_CONVERSION = YES;
				CLANG_WARN_DIRECT_OBJC_ISA_USAGE = YES_ERROR;
				CLANG_WARN_EMPTY_BODY = YES;
				CLANG_WARN_ENUM_CONVERSION = YES;
				CLANG_WARN_INT_CONVERSION = YES;
				CLANG_WARN_OBJC_ROOT_CLASS = YES_ERROR;
				CLANG_WARN_UNREACHABLE_CODE = YES;
				CLANG_WARN__DUPLICATE_METHOD_MATCH = YES;
				"CODE_SIGN_IDENTITY[sdk=watchos*]" = "";
				COPY_PHASE_STRIP = NO;
				CURRENT_PROJECT_VERSION = 1;
				DEBUG_INFORMATION_FORMAT = dwarf;
				DEFINES_MODULE = YES;
				DYLIB_COMPATIBILITY_VERSION = 1;
				DYLIB_CURRENT_VERSION = 1;
				DYLIB_INSTALL_NAME_BASE = "@rpath";
				ENABLE_STRICT_OBJC_MSGSEND = YES;
				ENABLE_TESTABILITY = YES;
				GCC_C_LANGUAGE_STANDARD = gnu99;
				GCC_DYNAMIC_NO_PIC = NO;
				GCC_NO_COMMON_BLOCKS = YES;
				GCC_OPTIMIZATION_LEVEL = 0;
				GCC_PREPROCESSOR_DEFINITIONS = (
					"DEBUG=1",
					"$(inherited)",
				);
				GCC_WARN_64_TO_32_BIT_CONVERSION = YES;
				GCC_WARN_ABOUT_RETURN_TYPE = YES_ERROR;
				GCC_WARN_UNDECLARED_SELECTOR = YES;
				GCC_WARN_UNINITIALIZED_AUTOS = YES_AGGRESSIVE;
				GCC_WARN_UNUSED_FUNCTION = YES;
				GCC_WARN_UNUSED_VARIABLE = YES;
				INFOPLIST_FILE = "$(SRCROOT)/RandomKit.xcodeproj/Info.plist";
				INSTALL_PATH = "$(LOCAL_LIBRARY_DIR)/Frameworks";
				LD_RUNPATH_SEARCH_PATHS = "$(inherited) @executable_path/Frameworks @loader_path/Frameworks";
				MTL_ENABLE_DEBUG_INFO = YES;
				ONLY_ACTIVE_ARCH = YES;
				PRODUCT_BUNDLE_IDENTIFIER = com.nikolaivazquez.RandomKit;
				PRODUCT_NAME = RandomKit;
				SDKROOT = watchos;
				SKIP_INSTALL = YES;
				TARGETED_DEVICE_FAMILY = 4;
				VERSIONING_SYSTEM = "apple-generic";
				VERSION_INFO_PREFIX = "";
				WATCHOS_DEPLOYMENT_TARGET = 2.0;
			};
			name = Debug;
		};
		528200B31BC9C4C0001FDD58 /* Release */ = {
			isa = XCBuildConfiguration;
			buildSettings = {
				ALWAYS_SEARCH_USER_PATHS = NO;
				CLANG_CXX_LANGUAGE_STANDARD = "gnu++0x";
				CLANG_CXX_LIBRARY = "libc++";
				CLANG_ENABLE_MODULES = YES;
				CLANG_ENABLE_OBJC_ARC = YES;
				CLANG_WARN_BOOL_CONVERSION = YES;
				CLANG_WARN_CONSTANT_CONVERSION = YES;
				CLANG_WARN_DIRECT_OBJC_ISA_USAGE = YES_ERROR;
				CLANG_WARN_EMPTY_BODY = YES;
				CLANG_WARN_ENUM_CONVERSION = YES;
				CLANG_WARN_INT_CONVERSION = YES;
				CLANG_WARN_OBJC_ROOT_CLASS = YES_ERROR;
				CLANG_WARN_UNREACHABLE_CODE = YES;
				CLANG_WARN__DUPLICATE_METHOD_MATCH = YES;
				"CODE_SIGN_IDENTITY[sdk=watchos*]" = "";
				COPY_PHASE_STRIP = NO;
				CURRENT_PROJECT_VERSION = 1;
				DEBUG_INFORMATION_FORMAT = "dwarf-with-dsym";
				DEFINES_MODULE = YES;
				DYLIB_COMPATIBILITY_VERSION = 1;
				DYLIB_CURRENT_VERSION = 1;
				DYLIB_INSTALL_NAME_BASE = "@rpath";
				ENABLE_NS_ASSERTIONS = NO;
				ENABLE_STRICT_OBJC_MSGSEND = YES;
				GCC_C_LANGUAGE_STANDARD = gnu99;
				GCC_NO_COMMON_BLOCKS = YES;
				GCC_WARN_64_TO_32_BIT_CONVERSION = YES;
				GCC_WARN_ABOUT_RETURN_TYPE = YES_ERROR;
				GCC_WARN_UNDECLARED_SELECTOR = YES;
				GCC_WARN_UNINITIALIZED_AUTOS = YES_AGGRESSIVE;
				GCC_WARN_UNUSED_FUNCTION = YES;
				GCC_WARN_UNUSED_VARIABLE = YES;
				INFOPLIST_FILE = "$(SRCROOT)/RandomKit.xcodeproj/Info.plist";
				INSTALL_PATH = "$(LOCAL_LIBRARY_DIR)/Frameworks";
				LD_RUNPATH_SEARCH_PATHS = "$(inherited) @executable_path/Frameworks @loader_path/Frameworks";
				MTL_ENABLE_DEBUG_INFO = NO;
				PRODUCT_BUNDLE_IDENTIFIER = com.nikolaivazquez.RandomKit;
				PRODUCT_NAME = RandomKit;
				SDKROOT = watchos;
				SKIP_INSTALL = YES;
				TARGETED_DEVICE_FAMILY = 4;
				VALIDATE_PRODUCT = YES;
				VERSIONING_SYSTEM = "apple-generic";
				VERSION_INFO_PREFIX = "";
				WATCHOS_DEPLOYMENT_TARGET = 2.0;
			};
			name = Release;
		};
		528200FA1BC9FA42001FDD58 /* Debug */ = {
			isa = XCBuildConfiguration;
			buildSettings = {
				ALWAYS_EMBED_SWIFT_STANDARD_LIBRARIES = YES;
				ALWAYS_SEARCH_USER_PATHS = NO;
				CLANG_CXX_LANGUAGE_STANDARD = "gnu++0x";
				CLANG_CXX_LIBRARY = "libc++";
				CLANG_ENABLE_MODULES = YES;
				CLANG_ENABLE_OBJC_ARC = YES;
				CLANG_WARN_BOOL_CONVERSION = YES;
				CLANG_WARN_CONSTANT_CONVERSION = YES;
				CLANG_WARN_DIRECT_OBJC_ISA_USAGE = YES_ERROR;
				CLANG_WARN_EMPTY_BODY = YES;
				CLANG_WARN_ENUM_CONVERSION = YES;
				CLANG_WARN_INT_CONVERSION = YES;
				CLANG_WARN_OBJC_ROOT_CLASS = YES_ERROR;
				CLANG_WARN_UNREACHABLE_CODE = YES;
				CLANG_WARN__DUPLICATE_METHOD_MATCH = YES;
				COMBINE_HIDPI_IMAGES = YES;
				COPY_PHASE_STRIP = NO;
				DEBUG_INFORMATION_FORMAT = dwarf;
				ENABLE_STRICT_OBJC_MSGSEND = YES;
				ENABLE_TESTABILITY = YES;
				GCC_C_LANGUAGE_STANDARD = gnu99;
				GCC_DYNAMIC_NO_PIC = NO;
				GCC_NO_COMMON_BLOCKS = YES;
				GCC_OPTIMIZATION_LEVEL = 0;
				GCC_PREPROCESSOR_DEFINITIONS = (
					"DEBUG=1",
					"$(inherited)",
				);
				GCC_WARN_64_TO_32_BIT_CONVERSION = YES;
				GCC_WARN_ABOUT_RETURN_TYPE = YES_ERROR;
				GCC_WARN_UNDECLARED_SELECTOR = YES;
				GCC_WARN_UNINITIALIZED_AUTOS = YES_AGGRESSIVE;
				GCC_WARN_UNUSED_FUNCTION = YES;
				GCC_WARN_UNUSED_VARIABLE = YES;
				INFOPLIST_FILE = Tests/Info.plist;
				LD_RUNPATH_SEARCH_PATHS = "$(inherited) @executable_path/../Frameworks @loader_path/../Frameworks";
				MACOSX_DEPLOYMENT_TARGET = 10.11;
				MTL_ENABLE_DEBUG_INFO = YES;
				ONLY_ACTIVE_ARCH = YES;
				PRODUCT_BUNDLE_IDENTIFIER = com.nikolaivazquez.RandomKitTests;
				PRODUCT_NAME = "$(TARGET_NAME)";
				SDKROOT = macosx;
				SWIFT_OPTIMIZATION_LEVEL = "-Onone";
			};
			name = Debug;
		};
		528200FB1BC9FA42001FDD58 /* Release */ = {
			isa = XCBuildConfiguration;
			buildSettings = {
				ALWAYS_EMBED_SWIFT_STANDARD_LIBRARIES = YES;
				ALWAYS_SEARCH_USER_PATHS = NO;
				CLANG_CXX_LANGUAGE_STANDARD = "gnu++0x";
				CLANG_CXX_LIBRARY = "libc++";
				CLANG_ENABLE_MODULES = YES;
				CLANG_ENABLE_OBJC_ARC = YES;
				CLANG_WARN_BOOL_CONVERSION = YES;
				CLANG_WARN_CONSTANT_CONVERSION = YES;
				CLANG_WARN_DIRECT_OBJC_ISA_USAGE = YES_ERROR;
				CLANG_WARN_EMPTY_BODY = YES;
				CLANG_WARN_ENUM_CONVERSION = YES;
				CLANG_WARN_INT_CONVERSION = YES;
				CLANG_WARN_OBJC_ROOT_CLASS = YES_ERROR;
				CLANG_WARN_UNREACHABLE_CODE = YES;
				CLANG_WARN__DUPLICATE_METHOD_MATCH = YES;
				COMBINE_HIDPI_IMAGES = YES;
				COPY_PHASE_STRIP = NO;
				DEBUG_INFORMATION_FORMAT = "dwarf-with-dsym";
				ENABLE_NS_ASSERTIONS = NO;
				ENABLE_STRICT_OBJC_MSGSEND = YES;
				GCC_C_LANGUAGE_STANDARD = gnu99;
				GCC_NO_COMMON_BLOCKS = YES;
				GCC_WARN_64_TO_32_BIT_CONVERSION = YES;
				GCC_WARN_ABOUT_RETURN_TYPE = YES_ERROR;
				GCC_WARN_UNDECLARED_SELECTOR = YES;
				GCC_WARN_UNINITIALIZED_AUTOS = YES_AGGRESSIVE;
				GCC_WARN_UNUSED_FUNCTION = YES;
				GCC_WARN_UNUSED_VARIABLE = YES;
				INFOPLIST_FILE = Tests/Info.plist;
				LD_RUNPATH_SEARCH_PATHS = "$(inherited) @executable_path/../Frameworks @loader_path/../Frameworks";
				MACOSX_DEPLOYMENT_TARGET = 10.11;
				MTL_ENABLE_DEBUG_INFO = NO;
				PRODUCT_BUNDLE_IDENTIFIER = com.nikolaivazquez.RandomKitTests;
				PRODUCT_NAME = "$(TARGET_NAME)";
				SDKROOT = macosx;
			};
			name = Release;
		};
		52C96A251BD9828F00C3CBE0 /* Debug */ = {
			isa = XCBuildConfiguration;
			buildSettings = {
				ALWAYS_SEARCH_USER_PATHS = NO;
				CLANG_CXX_LANGUAGE_STANDARD = "gnu++0x";
				CLANG_CXX_LIBRARY = "libc++";
				CLANG_ENABLE_MODULES = YES;
				CLANG_ENABLE_OBJC_ARC = YES;
				CLANG_WARN_BOOL_CONVERSION = YES;
				CLANG_WARN_CONSTANT_CONVERSION = YES;
				CLANG_WARN_DIRECT_OBJC_ISA_USAGE = YES_ERROR;
				CLANG_WARN_EMPTY_BODY = YES;
				CLANG_WARN_ENUM_CONVERSION = YES;
				CLANG_WARN_INT_CONVERSION = YES;
				CLANG_WARN_OBJC_ROOT_CLASS = YES_ERROR;
				CLANG_WARN_UNREACHABLE_CODE = YES;
				CLANG_WARN__DUPLICATE_METHOD_MATCH = YES;
				"CODE_SIGN_IDENTITY[sdk=appletvos*]" = "";
				COPY_PHASE_STRIP = NO;
				CURRENT_PROJECT_VERSION = 1;
				DEBUG_INFORMATION_FORMAT = dwarf;
				DEFINES_MODULE = YES;
				DYLIB_COMPATIBILITY_VERSION = 1;
				DYLIB_CURRENT_VERSION = 1;
				DYLIB_INSTALL_NAME_BASE = "@rpath";
				ENABLE_STRICT_OBJC_MSGSEND = YES;
				GCC_C_LANGUAGE_STANDARD = gnu99;
				GCC_DYNAMIC_NO_PIC = NO;
				GCC_NO_COMMON_BLOCKS = YES;
				GCC_OPTIMIZATION_LEVEL = 0;
				GCC_PREPROCESSOR_DEFINITIONS = (
					"DEBUG=1",
					"$(inherited)",
				);
				GCC_WARN_64_TO_32_BIT_CONVERSION = YES;
				GCC_WARN_ABOUT_RETURN_TYPE = YES_ERROR;
				GCC_WARN_UNDECLARED_SELECTOR = YES;
				GCC_WARN_UNINITIALIZED_AUTOS = YES_AGGRESSIVE;
				GCC_WARN_UNUSED_FUNCTION = YES;
				GCC_WARN_UNUSED_VARIABLE = YES;
				INFOPLIST_FILE = "$(SRCROOT)/RandomKit.xcodeproj/Info.plist";
				INSTALL_PATH = "$(LOCAL_LIBRARY_DIR)/Frameworks";
				LD_RUNPATH_SEARCH_PATHS = "$(inherited) @executable_path/Frameworks @loader_path/Frameworks";
				MTL_ENABLE_DEBUG_INFO = YES;
				PRODUCT_BUNDLE_IDENTIFIER = com.nikolaivazquez.RandomKit;
				PRODUCT_NAME = RandomKit;
				SDKROOT = appletvos;
				SKIP_INSTALL = YES;
				TARGETED_DEVICE_FAMILY = 3;
				TVOS_DEPLOYMENT_TARGET = 9.0;
				VERSIONING_SYSTEM = "apple-generic";
				VERSION_INFO_PREFIX = "";
			};
			name = Debug;
		};
		52C96A261BD9828F00C3CBE0 /* Release */ = {
			isa = XCBuildConfiguration;
			buildSettings = {
				ALWAYS_SEARCH_USER_PATHS = NO;
				CLANG_CXX_LANGUAGE_STANDARD = "gnu++0x";
				CLANG_CXX_LIBRARY = "libc++";
				CLANG_ENABLE_MODULES = YES;
				CLANG_ENABLE_OBJC_ARC = YES;
				CLANG_WARN_BOOL_CONVERSION = YES;
				CLANG_WARN_CONSTANT_CONVERSION = YES;
				CLANG_WARN_DIRECT_OBJC_ISA_USAGE = YES_ERROR;
				CLANG_WARN_EMPTY_BODY = YES;
				CLANG_WARN_ENUM_CONVERSION = YES;
				CLANG_WARN_INT_CONVERSION = YES;
				CLANG_WARN_OBJC_ROOT_CLASS = YES_ERROR;
				CLANG_WARN_UNREACHABLE_CODE = YES;
				CLANG_WARN__DUPLICATE_METHOD_MATCH = YES;
				"CODE_SIGN_IDENTITY[sdk=appletvos*]" = "";
				COPY_PHASE_STRIP = NO;
				CURRENT_PROJECT_VERSION = 1;
				DEBUG_INFORMATION_FORMAT = "dwarf-with-dsym";
				DEFINES_MODULE = YES;
				DYLIB_COMPATIBILITY_VERSION = 1;
				DYLIB_CURRENT_VERSION = 1;
				DYLIB_INSTALL_NAME_BASE = "@rpath";
				ENABLE_NS_ASSERTIONS = NO;
				ENABLE_STRICT_OBJC_MSGSEND = YES;
				GCC_C_LANGUAGE_STANDARD = gnu99;
				GCC_NO_COMMON_BLOCKS = YES;
				GCC_WARN_64_TO_32_BIT_CONVERSION = YES;
				GCC_WARN_ABOUT_RETURN_TYPE = YES_ERROR;
				GCC_WARN_UNDECLARED_SELECTOR = YES;
				GCC_WARN_UNINITIALIZED_AUTOS = YES_AGGRESSIVE;
				GCC_WARN_UNUSED_FUNCTION = YES;
				GCC_WARN_UNUSED_VARIABLE = YES;
				INFOPLIST_FILE = "$(SRCROOT)/RandomKit.xcodeproj/Info.plist";
				INSTALL_PATH = "$(LOCAL_LIBRARY_DIR)/Frameworks";
				LD_RUNPATH_SEARCH_PATHS = "$(inherited) @executable_path/Frameworks @loader_path/Frameworks";
				MTL_ENABLE_DEBUG_INFO = NO;
				PRODUCT_BUNDLE_IDENTIFIER = com.nikolaivazquez.RandomKit;
				PRODUCT_NAME = RandomKit;
				SDKROOT = appletvos;
				SKIP_INSTALL = YES;
				TARGETED_DEVICE_FAMILY = 3;
				TVOS_DEPLOYMENT_TARGET = 9.0;
				VALIDATE_PRODUCT = YES;
				VERSIONING_SYSTEM = "apple-generic";
				VERSION_INFO_PREFIX = "";
			};
			name = Release;
		};
/* End XCBuildConfiguration section */

/* Begin XCConfigurationList section */
		528200891BC9C460001FDD58 /* Build configuration list for PBXProject "RandomKit" */ = {
			isa = XCConfigurationList;
			buildConfigurations = (
				5282008A1BC9C460001FDD58 /* Debug */,
				5282008B1BC9C460001FDD58 /* Release */,
			);
			defaultConfigurationIsVisible = 0;
			defaultConfigurationName = Release;
		};
		528200991BC9C4A2001FDD58 /* Build configuration list for PBXNativeTarget "RandomKit macOS" */ = {
			isa = XCConfigurationList;
			buildConfigurations = (
				528200971BC9C4A2001FDD58 /* Debug */,
				528200981BC9C4A2001FDD58 /* Release */,
			);
			defaultConfigurationIsVisible = 0;
			defaultConfigurationName = Release;
		};
		528200A41BC9C4B6001FDD58 /* Build configuration list for PBXNativeTarget "RandomKit iOS" */ = {
			isa = XCConfigurationList;
			buildConfigurations = (
				528200A51BC9C4B6001FDD58 /* Debug */,
				528200A61BC9C4B6001FDD58 /* Release */,
			);
			defaultConfigurationIsVisible = 0;
			defaultConfigurationName = Release;
		};
		528200B11BC9C4C0001FDD58 /* Build configuration list for PBXNativeTarget "RandomKit watchOS" */ = {
			isa = XCConfigurationList;
			buildConfigurations = (
				528200B21BC9C4C0001FDD58 /* Debug */,
				528200B31BC9C4C0001FDD58 /* Release */,
			);
			defaultConfigurationIsVisible = 0;
			defaultConfigurationName = Release;
		};
		528200F91BC9FA42001FDD58 /* Build configuration list for PBXNativeTarget "RandomKit Tests" */ = {
			isa = XCConfigurationList;
			buildConfigurations = (
				528200FA1BC9FA42001FDD58 /* Debug */,
				528200FB1BC9FA42001FDD58 /* Release */,
			);
			defaultConfigurationIsVisible = 0;
			defaultConfigurationName = Release;
		};
		52C96A241BD9828F00C3CBE0 /* Build configuration list for PBXNativeTarget "RandomKit tvOS" */ = {
			isa = XCConfigurationList;
			buildConfigurations = (
				52C96A251BD9828F00C3CBE0 /* Debug */,
				52C96A261BD9828F00C3CBE0 /* Release */,
			);
			defaultConfigurationIsVisible = 0;
			defaultConfigurationName = Release;
		};
/* End XCConfigurationList section */
	};
	rootObject = 528200861BC9C460001FDD58 /* Project object */;
}
